version: 5
environments:
  default:
    channels:
    - url: https://conda.anaconda.org/conda-forge/
    packages:
      linux-64:
      - conda: https://conda.anaconda.org/conda-forge/linux-64/_libgcc_mutex-0.1-conda_forge.tar.bz2
      - conda: https://conda.anaconda.org/conda-forge/linux-64/_openmp_mutex-4.5-2_gnu.tar.bz2
      - conda: https://conda.anaconda.org/conda-forge/linux-64/ca-certificates-2024.7.4-hbcca054_0.conda
      - conda: https://conda.anaconda.org/conda-forge/linux-64/icu-70.1-h27087fc_0.tar.bz2
      - conda: https://conda.anaconda.org/conda-forge/noarch/jieba-0.39-pyh9f0ad1d_1.tar.bz2
      - conda: https://conda.anaconda.org/conda-forge/linux-64/ld_impl_linux-64-2.40-hf3520f5_7.conda
      - conda: https://conda.anaconda.org/conda-forge/linux-64/libffi-3.2.1-he1b5a44_1007.tar.bz2
      - conda: https://conda.anaconda.org/conda-forge/linux-64/libgcc-ng-14.1.0-h77fa898_0.conda
      - conda: https://conda.anaconda.org/conda-forge/linux-64/libgomp-14.1.0-h77fa898_0.conda
      - conda: https://conda.anaconda.org/conda-forge/linux-64/libsqlite-3.46.0-hde9e2c9_0.conda
      - conda: https://conda.anaconda.org/conda-forge/linux-64/libstdcxx-ng-14.1.0-hc0a3c3a_0.conda
      - conda: https://conda.anaconda.org/conda-forge/linux-64/libuv-1.44.2-hd590300_1.conda
      - conda: https://conda.anaconda.org/conda-forge/linux-64/libzlib-1.2.13-h4ab18f5_6.conda
      - conda: https://conda.anaconda.org/conda-forge/linux-64/ncurses-6.5-h59595ed_0.conda
      - conda: https://conda.anaconda.org/conda-forge/linux-64/nodejs-18.12.1-h96d913c_0.tar.bz2
      - conda: https://conda.anaconda.org/conda-forge/linux-64/openssl-1.1.1w-hd590300_0.conda
      - conda: https://conda.anaconda.org/conda-forge/linux-64/python-2.7.15-h5a48372_1011_cpython.tar.bz2
      - conda: https://conda.anaconda.org/conda-forge/linux-64/readline-8.2-h8228510_1.conda
      - conda: https://conda.anaconda.org/conda-forge/linux-64/sqlite-3.46.0-h6d4b2fc_0.conda
      - conda: https://conda.anaconda.org/conda-forge/linux-64/tk-8.6.13-noxft_h4845f30_101.conda
      - conda: https://conda.anaconda.org/conda-forge/linux-64/zlib-1.2.13-h4ab18f5_6.conda
      linux-aarch64:
      - conda: https://conda.anaconda.org/conda-forge/linux-aarch64/_openmp_mutex-4.5-2_gnu.tar.bz2
      - conda: https://conda.anaconda.org/conda-forge/noarch/_sysroot_linux-aarch64_curr_repodata_hack-4-h57d6b7b_16.conda
      - conda: https://conda.anaconda.org/conda-forge/linux-aarch64/binutils_impl_linux-aarch64-2.40-hf54a868_7.conda
      - conda: https://conda.anaconda.org/conda-forge/linux-aarch64/ca-certificates-2024.7.4-hcefe29a_0.conda
      - conda: https://conda.anaconda.org/conda-forge/linux-aarch64/gcc-14.1.0-h21aac20_0.conda
      - conda: https://conda.anaconda.org/conda-forge/linux-aarch64/gcc_impl_linux-aarch64-14.1.0-h21755a0_0.conda
      - conda: https://conda.anaconda.org/conda-forge/linux-aarch64/gxx-14.1.0-h21aac20_0.conda
      - conda: https://conda.anaconda.org/conda-forge/linux-aarch64/gxx_impl_linux-aarch64-14.1.0-h2213b8a_0.conda
      - conda: https://conda.anaconda.org/conda-forge/linux-aarch64/icu-70.1-ha18d298_0.tar.bz2
      - conda: https://conda.anaconda.org/conda-forge/noarch/jieba-0.39-pyh9f0ad1d_1.tar.bz2
      - conda: https://conda.anaconda.org/conda-forge/noarch/kernel-headers_linux-aarch64-4.18.0-h5b4a56d_16.conda
      - conda: https://conda.anaconda.org/conda-forge/linux-aarch64/ld_impl_linux-aarch64-2.40-h9fc2d93_7.conda
      - conda: https://conda.anaconda.org/conda-forge/linux-aarch64/libffi-3.2.1-h4c5d2ac_1007.tar.bz2
      - conda: https://conda.anaconda.org/conda-forge/noarch/libgcc-devel_linux-aarch64-14.1.0-h8373c25_100.conda
      - conda: https://conda.anaconda.org/conda-forge/linux-aarch64/libgcc-ng-14.1.0-he277a41_0.conda
      - conda: https://conda.anaconda.org/conda-forge/linux-aarch64/libgomp-14.1.0-he277a41_0.conda
      - conda: https://conda.anaconda.org/conda-forge/linux-aarch64/libsanitizer-14.1.0-h1bb4367_0.conda
      - conda: https://conda.anaconda.org/conda-forge/linux-aarch64/libsqlite-3.46.0-hf51ef55_0.conda
      - conda: https://conda.anaconda.org/conda-forge/noarch/libstdcxx-devel_linux-aarch64-14.1.0-h8373c25_100.conda
      - conda: https://conda.anaconda.org/conda-forge/linux-aarch64/libstdcxx-ng-14.1.0-h3f4de04_0.conda
      - conda: https://conda.anaconda.org/conda-forge/linux-aarch64/libuv-1.44.2-h31becfc_1.conda
      - conda: https://conda.anaconda.org/conda-forge/linux-aarch64/libzlib-1.2.13-h68df207_6.conda
      - conda: https://conda.anaconda.org/conda-forge/linux-aarch64/make-4.3-h309ac5b_1.tar.bz2
      - conda: https://conda.anaconda.org/conda-forge/linux-aarch64/ncurses-6.5-h0425590_0.conda
      - conda: https://conda.anaconda.org/conda-forge/linux-aarch64/nodejs-18.12.1-he850d6a_0.tar.bz2
      - conda: https://conda.anaconda.org/conda-forge/linux-aarch64/openssl-1.1.1w-h31becfc_0.conda
      - conda: https://conda.anaconda.org/conda-forge/linux-aarch64/python-2.7.15-h5a48372_1011_cpython.tar.bz2
      - conda: https://conda.anaconda.org/conda-forge/linux-aarch64/readline-8.2-h8fc344f_1.conda
      - conda: https://conda.anaconda.org/conda-forge/linux-aarch64/sqlite-3.46.0-hdc7ab3c_0.conda
      - conda: https://conda.anaconda.org/conda-forge/noarch/sysroot_linux-aarch64-2.17-h5b4a56d_16.conda
      - conda: https://conda.anaconda.org/conda-forge/linux-aarch64/tk-8.6.13-h194ca79_0.conda
      - conda: https://conda.anaconda.org/conda-forge/noarch/tzdata-2024a-h0c530f3_0.conda
      - conda: https://conda.anaconda.org/conda-forge/linux-aarch64/zlib-1.2.13-h68df207_6.conda
packages:
- kind: conda
  name: _libgcc_mutex
  version: '0.1'
  build: conda_forge
  subdir: linux-64
  url: https://conda.anaconda.org/conda-forge/linux-64/_libgcc_mutex-0.1-conda_forge.tar.bz2
  sha256: fe51de6107f9edc7aa4f786a70f4a883943bc9d39b3bb7307c04c41410990726
  md5: d7c89558ba9fa0495403155b64376d81
  license: None
  size: 2562
  timestamp: 1578324546067
- kind: conda
  name: _openmp_mutex
  version: '4.5'
  build: 2_gnu
  build_number: 16
  subdir: linux-64
  url: https://conda.anaconda.org/conda-forge/linux-64/_openmp_mutex-4.5-2_gnu.tar.bz2
  sha256: fbe2c5e56a653bebb982eda4876a9178aedfc2b545f25d0ce9c4c0b508253d22
  md5: 73aaf86a425cc6e73fcf236a5a46396d
  depends:
  - _libgcc_mutex 0.1 conda_forge
  - libgomp >=7.5.0
  constrains:
  - openmp_impl 9999
  license: BSD-3-Clause
  license_family: BSD
  size: 23621
  timestamp: 1650670423406
- kind: conda
  name: _openmp_mutex
  version: '4.5'
  build: 2_gnu
  build_number: 16
  subdir: linux-aarch64
  url: https://conda.anaconda.org/conda-forge/linux-aarch64/_openmp_mutex-4.5-2_gnu.tar.bz2
  sha256: 3702bef2f0a4d38bd8288bbe54aace623602a1343c2cfbefd3fa188e015bebf0
  md5: 6168d71addc746e8f2b8d57dfd2edcea
  depends:
  - libgomp >=7.5.0
  constrains:
  - openmp_impl 9999
  license: BSD-3-Clause
  license_family: BSD
  size: 23712
  timestamp: 1650670790230
- kind: conda
  name: _sysroot_linux-aarch64_curr_repodata_hack
  version: '4'
  build: h57d6b7b_16
  build_number: 16
  subdir: noarch
  noarch: generic
  url: https://conda.anaconda.org/conda-forge/noarch/_sysroot_linux-aarch64_curr_repodata_hack-4-h57d6b7b_16.conda
  sha256: 9145a604443bd9a08a210e6fabc33c719fcb20a3276036386ccb2c6d90dbae56
  md5: a987fa62103c4fcf9a572795723bc721
  license: LGPL-2.0-or-later AND LGPL-2.0-or-later WITH exceptions AND GPL-2.0-or-later AND MPL-2.0
  license_family: GPL
  size: 20978
  timestamp: 1720621376589
- kind: conda
  name: binutils_impl_linux-aarch64
  version: '2.40'
  build: hf54a868_7
  build_number: 7
  subdir: linux-aarch64
  url: https://conda.anaconda.org/conda-forge/linux-aarch64/binutils_impl_linux-aarch64-2.40-hf54a868_7.conda
  sha256: 71d3bae11ebe72005216aa359325a6451b9c040c1a2c6411409d093d11f90114
  md5: 1c626cff2060938c4d7ec45068b50dc3
  depends:
  - ld_impl_linux-aarch64 2.40 h9fc2d93_7
  - sysroot_linux-aarch64
  license: GPL-3.0-only
  license_family: GPL
  size: 6095853
  timestamp: 1718625674423
- kind: conda
  name: ca-certificates
  version: 2024.7.4
  build: hbcca054_0
  subdir: linux-64
  url: https://conda.anaconda.org/conda-forge/linux-64/ca-certificates-2024.7.4-hbcca054_0.conda
  sha256: c1548a3235376f464f9931850b64b02492f379b2f2bb98bc786055329b080446
  md5: 23ab7665c5f63cfb9f1f6195256daac6
  license: ISC
  size: 154853
  timestamp: 1720077432978
- kind: conda
  name: ca-certificates
  version: 2024.7.4
  build: hcefe29a_0
  subdir: linux-aarch64
  url: https://conda.anaconda.org/conda-forge/linux-aarch64/ca-certificates-2024.7.4-hcefe29a_0.conda
  sha256: 562bfc2608d82996a08e5b5b2366ed319a51ace6a2518a004ba672edca75fc23
  md5: c4c784a1336d72fff54f6b207f3dd75f
  license: ISC
  size: 154904
  timestamp: 1720078197019
- kind: conda
  name: gcc
  version: 14.1.0
  build: h21aac20_0
  subdir: linux-aarch64
  url: https://conda.anaconda.org/conda-forge/linux-aarch64/gcc-14.1.0-h21aac20_0.conda
  sha256: cbd9cac1004281c6cd3115683827088173be9ef924079d8ffee3a5b98d72c585
  md5: f91d5a6b99ed3f5c104f107be16e68df
  depends:
  - gcc_impl_linux-aarch64 14.1.0.*
  license: BSD-3-Clause
  license_family: BSD
  size: 51778
  timestamp: 1719547829441
- kind: conda
  name: gcc_impl_linux-aarch64
  version: 14.1.0
  build: h21755a0_0
  subdir: linux-aarch64
  url: https://conda.anaconda.org/conda-forge/linux-aarch64/gcc_impl_linux-aarch64-14.1.0-h21755a0_0.conda
  sha256: 957bef8ebff0207073afec17695558e86a2bbb71c9c010da2a2e60163e003037
  md5: 69972d2f63a1a79924c096f7594f2de1
  depends:
  - binutils_impl_linux-aarch64 >=2.40
  - libgcc-devel_linux-aarch64 14.1.0 h8373c25_100
  - libgcc-ng >=14.1.0
  - libgomp >=14.1.0
  - libsanitizer 14.1.0 h1bb4367_0
  - libstdcxx-ng >=14.1.0
  - sysroot_linux-aarch64
  license: GPL-3.0-only WITH GCC-exception-3.1
  license_family: GPL
  size: 69546388
  timestamp: 1719547651797
- kind: conda
  name: gxx
  version: 14.1.0
  build: h21aac20_0
  subdir: linux-aarch64
  url: https://conda.anaconda.org/conda-forge/linux-aarch64/gxx-14.1.0-h21aac20_0.conda
  sha256: bbf431b558871c7a1292b013e6c6132bb4f3f76b4467895bf27477e9acfbbc25
  md5: 2028e4c583b62254b4d45b3fb931699c
  depends:
  - gcc 14.1.0.*
  - gxx_impl_linux-aarch64 14.1.0.*
  license: BSD-3-Clause
  license_family: BSD
  size: 51260
  timestamp: 1719548001932
- kind: conda
  name: gxx_impl_linux-aarch64
  version: 14.1.0
  build: h2213b8a_0
  subdir: linux-aarch64
  url: https://conda.anaconda.org/conda-forge/linux-aarch64/gxx_impl_linux-aarch64-14.1.0-h2213b8a_0.conda
  sha256: 7ad5b0fbea6d0c4ebf7996b019ca44783f24d66f5abc684904e307d1bd9dd596
  md5: 2e9c3b5d36c43d6cdcc9de86d6928e8c
  depends:
  - gcc_impl_linux-aarch64 14.1.0 h21755a0_0
  - libstdcxx-devel_linux-aarch64 14.1.0 h8373c25_100
  - sysroot_linux-aarch64
  license: GPL-3.0-only WITH GCC-exception-3.1
  license_family: GPL
  size: 14148206
  timestamp: 1719547949208
- kind: conda
  name: icu
  version: '70.1'
  build: h27087fc_0
  subdir: linux-64
  url: https://conda.anaconda.org/conda-forge/linux-64/icu-70.1-h27087fc_0.tar.bz2
  sha256: 1d7950f3be4637ab915d886304e57731d39a41ab705ffc95c4681655c459374a
  md5: 87473a15119779e021c314249d4b4aed
  depends:
  - libgcc-ng >=10.3.0
  - libstdcxx-ng >=10.3.0
  license: MIT
  license_family: MIT
  size: 14191488
  timestamp: 1648050221778
- kind: conda
  name: icu
  version: '70.1'
  build: ha18d298_0
  subdir: linux-aarch64
  url: https://conda.anaconda.org/conda-forge/linux-aarch64/icu-70.1-ha18d298_0.tar.bz2
  sha256: f867c6e57439b40a394fd7aef6d6ae35fd14cccf6f57e78539c6da9108f27c44
  md5: 014656d28b7b6f8a566437c69552f9ae
  depends:
  - libgcc-ng >=10.3.0
  - libstdcxx-ng >=10.3.0
  license: MIT
  license_family: MIT
  size: 14273185
  timestamp: 1648053373543
- kind: conda
  name: jieba
  version: '0.39'
  build: pyh9f0ad1d_1
  build_number: 1
  subdir: noarch
  noarch: python
  url: https://conda.anaconda.org/conda-forge/noarch/jieba-0.39-pyh9f0ad1d_1.tar.bz2
  sha256: 7b021c8cb01f0339284f4a6927296bd7c4071066b0290891911d78fc2df9dc58
  md5: 74c298e2b72aa2076f1bc62119477da9
  depends:
  - python
  license: MIT
  license_family: MIT
  size: 5921701
  timestamp: 1585169780373
- kind: conda
  name: kernel-headers_linux-aarch64
  version: 4.18.0
  build: h5b4a56d_16
  build_number: 16
  subdir: noarch
  noarch: generic
  url: https://conda.anaconda.org/conda-forge/noarch/kernel-headers_linux-aarch64-4.18.0-h5b4a56d_16.conda
  sha256: ef73423948ee8af98ef28a071cb8ddc46ba2c44a3b9a852fdba79587033641c0
  md5: 84492cbda4b5828cddf03329e96e5b2f
  depends:
  - _sysroot_linux-aarch64_curr_repodata_hack 4.*
  constrains:
  - sysroot_linux-aarch64 ==2.17
  license: LGPL-2.0-or-later AND LGPL-2.0-or-later WITH exceptions AND GPL-2.0-or-later AND MPL-2.0
  license_family: GPL
  size: 1114753
  timestamp: 1720621462147
- kind: conda
  name: ld_impl_linux-64
  version: '2.40'
  build: hf3520f5_7
  build_number: 7
  subdir: linux-64
  url: https://conda.anaconda.org/conda-forge/linux-64/ld_impl_linux-64-2.40-hf3520f5_7.conda
  sha256: 764b6950aceaaad0c67ef925417594dd14cd2e22fff864aeef455ac259263d15
  md5: b80f2f396ca2c28b8c14c437a4ed1e74
  constrains:
  - binutils_impl_linux-64 2.40
  license: GPL-3.0-only
  license_family: GPL
  size: 707602
  timestamp: 1718625640445
- kind: conda
  name: ld_impl_linux-aarch64
  version: '2.40'
  build: h9fc2d93_7
  build_number: 7
  subdir: linux-aarch64
  url: https://conda.anaconda.org/conda-forge/linux-aarch64/ld_impl_linux-aarch64-2.40-h9fc2d93_7.conda
  sha256: 4a6c0bd77e125da8472bd73bba7cd4169a3ce4699b00a3893026ae8664b2387d
  md5: 1b0feef706f4d03eff0b76626ead64fc
  constrains:
  - binutils_impl_linux-aarch64 2.40
  license: GPL-3.0-only
  license_family: GPL
  size: 735885
  timestamp: 1718625653417
- kind: conda
  name: libffi
  version: 3.2.1
  build: h4c5d2ac_1007
  build_number: 1007
  subdir: linux-aarch64
  url: https://conda.anaconda.org/conda-forge/linux-aarch64/libffi-3.2.1-h4c5d2ac_1007.tar.bz2
  sha256: 03d9aeed95d9e125688165e55024f06341a9bd0423834ae7c0ba73bf84593a5c
  md5: 0b4714d705fcbe3d3a1c39e02c750173
  depends:
  - libgcc-ng >=7.3.0
  - libstdcxx-ng >=7.3.0
  license: Custom
  size: 55869
  timestamp: 1584559656092
- kind: conda
  name: libffi
  version: 3.2.1
  build: he1b5a44_1007
  build_number: 1007
  subdir: linux-64
  url: https://conda.anaconda.org/conda-forge/linux-64/libffi-3.2.1-he1b5a44_1007.tar.bz2
  sha256: 992246df63724484e9ee8652ce3ca0237f707961beab8b813096bbc647cf84f4
  md5: 11389072d7d6036fd811c3d9460475cd
  depends:
  - libgcc-ng >=7.3.0
  - libstdcxx-ng >=7.3.0
  license: Custom
  size: 48003
  timestamp: 1584559351227
- kind: conda
  name: libgcc-devel_linux-aarch64
  version: 14.1.0
  build: h8373c25_100
  build_number: 100
  subdir: noarch
  noarch: generic
  url: https://conda.anaconda.org/conda-forge/noarch/libgcc-devel_linux-aarch64-14.1.0-h8373c25_100.conda
  sha256: e0ef0b6e5210eb75c65c18c1fa0fb5f3314c103c60fe983cc8bc71f85edbafb3
  md5: a4c796f1b17d97d32763c38be1257744
  depends:
  - __unix
  license: GPL-3.0-only WITH GCC-exception-3.1
  license_family: GPL
  size: 2149931
  timestamp: 1719547415345
- kind: conda
  name: libgcc-ng
  version: 14.1.0
  build: h77fa898_0
  subdir: linux-64
  url: https://conda.anaconda.org/conda-forge/linux-64/libgcc-ng-14.1.0-h77fa898_0.conda
  sha256: b8e869ac96591cda2704bf7e77a301025e405227791a0bddf14a3dac65125538
  md5: ca0fad6a41ddaef54a153b78eccb5037
  depends:
  - _libgcc_mutex 0.1 conda_forge
  - _openmp_mutex >=4.5
  constrains:
  - libgomp 14.1.0 h77fa898_0
  license: GPL-3.0-only WITH GCC-exception-3.1
  license_family: GPL
  size: 842109
  timestamp: 1719538896937
- kind: conda
  name: libgcc-ng
  version: 14.1.0
  build: he277a41_0
  subdir: linux-aarch64
  url: https://conda.anaconda.org/conda-forge/linux-aarch64/libgcc-ng-14.1.0-he277a41_0.conda
  sha256: b9ca03216bc089c0c46f008bc6f447bc0df8dc826d9801fb4283e49fa89c877e
  md5: 47ecd1292a3fd78b616640b35dd9632c
  depends:
  - _openmp_mutex >=4.5
  constrains:
  - libgomp 14.1.0 he277a41_0
  license: GPL-3.0-only WITH GCC-exception-3.1
  license_family: GPL
  size: 532273
  timestamp: 1719547536460
- kind: conda
  name: libgomp
  version: 14.1.0
  build: h77fa898_0
  subdir: linux-64
  url: https://conda.anaconda.org/conda-forge/linux-64/libgomp-14.1.0-h77fa898_0.conda
  sha256: 7699df61a1f6c644b3576a40f54791561f2845983120477a16116b951c9cdb05
  md5: ae061a5ed5f05818acdf9adab72c146d
  depends:
  - _libgcc_mutex 0.1 conda_forge
  license: GPL-3.0-only WITH GCC-exception-3.1
  license_family: GPL
  size: 456925
  timestamp: 1719538796073
- kind: conda
  name: libgomp
  version: 14.1.0
  build: he277a41_0
  subdir: linux-aarch64
  url: https://conda.anaconda.org/conda-forge/linux-aarch64/libgomp-14.1.0-he277a41_0.conda
  sha256: 11f326e49e0fb92c2a52e870c029fc26b4b6d3eb9414fa4374cb8496b231a730
  md5: 434ccc943b843117e4cebc97265f2504
  license: GPL-3.0-only WITH GCC-exception-3.1
  license_family: GPL
  size: 459535
  timestamp: 1719547432949
- kind: conda
  name: libsanitizer
  version: 14.1.0
  build: h1bb4367_0
  subdir: linux-aarch64
  url: https://conda.anaconda.org/conda-forge/linux-aarch64/libsanitizer-14.1.0-h1bb4367_0.conda
  sha256: f0ef49860561a788816fe6e8bde350252e58169bb78109da622dc85e8aaa6618
  md5: 6eac2667b545beb34e3409340e7d2368
  depends:
  - libgcc-ng >=14.1.0
  - libstdcxx-ng >=14.1.0
  license: GPL-3.0-only WITH GCC-exception-3.1
  license_family: GPL
  size: 4443600
  timestamp: 1719547586501
- kind: conda
  name: libsqlite
  version: 3.46.0
  build: hde9e2c9_0
  subdir: linux-64
  url: https://conda.anaconda.org/conda-forge/linux-64/libsqlite-3.46.0-hde9e2c9_0.conda
  sha256: daee3f68786231dad457d0dfde3f7f1f9a7f2018adabdbb864226775101341a8
  md5: 18aa975d2094c34aef978060ae7da7d8
  depends:
  - libgcc-ng >=12
  - libzlib >=1.2.13,<2.0a0
  license: Unlicense
  size: 865346
  timestamp: 1718050628718
- kind: conda
  name: libsqlite
  version: 3.46.0
  build: hf51ef55_0
  subdir: linux-aarch64
  url: https://conda.anaconda.org/conda-forge/linux-aarch64/libsqlite-3.46.0-hf51ef55_0.conda
  sha256: 7b48d006be6cd089105687fb524a2c93c4218bfc398d0611340cafec55249977
  md5: a8ae63fd6fb7d007f74ef3df95e5edf3
  depends:
  - libgcc-ng >=12
  - libzlib >=1.2.13,<2.0a0
  license: Unlicense
  size: 1043861
  timestamp: 1718050586624
- kind: conda
  name: libstdcxx-devel_linux-aarch64
  version: 14.1.0
  build: h8373c25_100
  build_number: 100
  subdir: noarch
  noarch: generic
  url: https://conda.anaconda.org/conda-forge/noarch/libstdcxx-devel_linux-aarch64-14.1.0-h8373c25_100.conda
  sha256: 3ea54905e182f5b89d1aab76cb0f421163a47c48844451f15a1111daa41760e3
  md5: 8ef0c9d9f36ae6c3294d9a15283e45c4
  depends:
  - __unix
  license: GPL-3.0-only WITH GCC-exception-3.1
  license_family: GPL
  size: 12626178
  timestamp: 1719547459076
- kind: conda
  name: libstdcxx-ng
  version: 14.1.0
  build: h3f4de04_0
  subdir: linux-aarch64
  url: https://conda.anaconda.org/conda-forge/linux-aarch64/libstdcxx-ng-14.1.0-h3f4de04_0.conda
  sha256: 4f2f35b78258d1a1e56b1b0e61091862c10ec76bf67ca1b0ff99dd5e07e76271
  md5: 2f84852b723ac4389eb188db695526bb
  depends:
  - libgcc-ng 14.1.0 he277a41_0
  license: GPL-3.0-only WITH GCC-exception-3.1
  license_family: GPL
  size: 3805250
  timestamp: 1719547563542
- kind: conda
  name: libstdcxx-ng
  version: 14.1.0
  build: hc0a3c3a_0
  subdir: linux-64
  url: https://conda.anaconda.org/conda-forge/linux-64/libstdcxx-ng-14.1.0-hc0a3c3a_0.conda
  sha256: 88c42b388202ffe16adaa337e36cf5022c63cf09b0405cf06fc6aeacccbe6146
  md5: 1cb187a157136398ddbaae90713e2498
  depends:
  - libgcc-ng 14.1.0 h77fa898_0
  license: GPL-3.0-only WITH GCC-exception-3.1
  license_family: GPL
  size: 3881307
  timestamp: 1719538923443
- kind: conda
  name: libuv
  version: 1.44.2
  build: h31becfc_1
  build_number: 1
  subdir: linux-aarch64
  url: https://conda.anaconda.org/conda-forge/linux-aarch64/libuv-1.44.2-h31becfc_1.conda
  sha256: 6ebc65818b299fb4e2101de46e6040d628d608191efeeb3c8301bd2a2d4e5d4a
  md5: f6068b95c0a3b4fd949a91341e9a0669
  depends:
  - libgcc-ng >=12
  license: MIT
  license_family: MIT
  size: 553544
  timestamp: 1690371216408
- kind: conda
  name: libuv
  version: 1.44.2
  build: hd590300_1
  build_number: 1
  subdir: linux-64
  url: https://conda.anaconda.org/conda-forge/linux-64/libuv-1.44.2-hd590300_1.conda
  sha256: 4910371113afddc55b9a70f468e0c921600ff76e2e5da4084e6039f685ab8151
  md5: d5447f6f8c208232db63db85e053574d
  depends:
  - libgcc-ng >=12
  license: MIT
  license_family: MIT
  size: 823882
  timestamp: 1690371294300
- kind: conda
  name: libzlib
  version: 1.2.13
  build: h4ab18f5_6
  build_number: 6
  subdir: linux-64
  url: https://conda.anaconda.org/conda-forge/linux-64/libzlib-1.2.13-h4ab18f5_6.conda
  sha256: 8ced4afed6322172182af503f21725d072a589a6eb918f8a58135c1e00d35980
  md5: 27329162c0dc732bcf67a4e0cd488125
  depends:
  - libgcc-ng >=12
  constrains:
  - zlib 1.2.13 *_6
  license: Zlib
  license_family: Other
  size: 61571
  timestamp: 1716874066944
- kind: conda
  name: libzlib
  version: 1.2.13
  build: h68df207_6
  build_number: 6
  subdir: linux-aarch64
  url: https://conda.anaconda.org/conda-forge/linux-aarch64/libzlib-1.2.13-h68df207_6.conda
  sha256: 4dafc31c913daae67d20a95fc2cac5a6d8bf1d5810d663e23b3335f9ae6f411d
  md5: d69c6550eaf76e8e385f75e5ed60aed9
  depends:
  - libgcc-ng >=12
  constrains:
  - zlib 1.2.13 *_6
  license: Zlib
  license_family: Other
  size: 67224
  timestamp: 1716874073116
- kind: conda
  name: make
  version: '4.3'
  build: h309ac5b_1
  build_number: 1
  subdir: linux-aarch64
  url: https://conda.anaconda.org/conda-forge/linux-aarch64/make-4.3-h309ac5b_1.tar.bz2
  sha256: 771e7a32a555693a0d53d3f682ed9dc1139abe99937cba55b16400ae8b8a92d4
  md5: 0f876fc705b573cf9972bcbeb93864d9
  depends:
  - libgcc-ng >=7.5.0
  license: GPL-3.0-or-later
  license_family: GPL
  size: 497104
  timestamp: 1602706670853
- kind: conda
  name: ncurses
  version: '6.5'
  build: h0425590_0
  subdir: linux-aarch64
  url: https://conda.anaconda.org/conda-forge/linux-aarch64/ncurses-6.5-h0425590_0.conda
  sha256: f8002feaa9e0eb929cd123f1275d8c0b3c6ffb7fd9269b192927009df19dc89e
  md5: 38362af7bfac0efef69675acee564458
  depends:
  - libgcc-ng >=12
  license: X11 AND BSD-3-Clause
  size: 925099
  timestamp: 1715194843316
- kind: conda
  name: ncurses
  version: '6.5'
  build: h59595ed_0
  subdir: linux-64
  url: https://conda.anaconda.org/conda-forge/linux-64/ncurses-6.5-h59595ed_0.conda
  sha256: 4fc3b384f4072b68853a0013ea83bdfd3d66b0126e2238e1d6e1560747aa7586
  md5: fcea371545eda051b6deafb24889fc69
  depends:
  - libgcc-ng >=12
  license: X11 AND BSD-3-Clause
  size: 887465
  timestamp: 1715194722503
- kind: conda
  name: nodejs
  version: 18.12.1
  build: h96d913c_0
  subdir: linux-64
  url: https://conda.anaconda.org/conda-forge/linux-64/nodejs-18.12.1-h96d913c_0.tar.bz2
  sha256: fe3db2cfa8422f139dc0503a360054f2bd069bf11f35cb593da832d45f3867cb
  md5: beedcccf403764141f6a54721fd4de29
  depends:
  - __glibc >=2.17,<3.0.a0
  - icu >=70.1,<71.0a0
  - libgcc-ng >=12
  - libstdcxx-ng >=12
  - libuv >=1.44.2,<1.45.0a0
  - libzlib >=1.2.13,<2.0.0a0
  - openssl >=1.1.1s,<1.1.2a
  - zlib
  license: MIT
  license_family: MIT
  size: 17065235
  timestamp: 1668022829699
- kind: conda
  name: nodejs
  version: 18.12.1
  build: he850d6a_0
  subdir: linux-aarch64
  url: https://conda.anaconda.org/conda-forge/linux-aarch64/nodejs-18.12.1-he850d6a_0.tar.bz2
  sha256: 04472e3d0d4c9d588d3e69048b5d925d7e843967b6ef522df706bf6cb2dab247
  md5: b6be9b915bc03efbd64103c63d35149a
  depends:
  - icu >=70.1,<71.0a0
  - libgcc-ng >=12
  - libstdcxx-ng >=12
  - libuv >=1.44.2,<1.45.0a0
  - libzlib >=1.2.13,<2.0.0a0
  - openssl >=1.1.1s,<1.1.2a
  - zlib
  license: MIT
  license_family: MIT
  size: 17633678
  timestamp: 1668027316166
- kind: conda
  name: openssl
  version: 1.1.1w
  build: h31becfc_0
  subdir: linux-aarch64
  url: https://conda.anaconda.org/conda-forge/linux-aarch64/openssl-1.1.1w-h31becfc_0.conda
  sha256: 48c86f591261ae589c2a2feda8ee85a98302e6dd50c0d697a065cfa5a53f896b
  md5: b52ba9c089558dcf128322b0567f9946
  depends:
  - ca-certificates
  - libgcc-ng >=12
  license: OpenSSL
  license_family: Apache
  size: 1928574
  timestamp: 1694461299960
- kind: conda
  name: openssl
  version: 1.1.1w
  build: hd590300_0
  subdir: linux-64
  url: https://conda.anaconda.org/conda-forge/linux-64/openssl-1.1.1w-hd590300_0.conda
  sha256: 4fe19885c77f0758084feb54954bd1977dfeeab7134fba0a1d9c0cfff821d6bd
  md5: 301e70057a3bd399640bb16bbdf87995
  depends:
  - ca-certificates
  - libgcc-ng >=12
  license: OpenSSL
  license_family: Apache
  size: 1956010
  timestamp: 1694461292959
- kind: conda
  name: python
  version: 2.7.15
  build: h5a48372_1011_cpython
  build_number: 1011
  subdir: linux-64
  url: https://conda.anaconda.org/conda-forge/linux-64/python-2.7.15-h5a48372_1011_cpython.tar.bz2
  sha256: 1aab076b979046983a74d10b890dc4534eaedcc08a6e2f4e7fb16cc4a05e02e0
  md5: d1824ac0987155f58a03b7ffda01db38
  depends:
  - ld_impl_linux-64
  - libffi >=3.2.1,<3.3.0a0
  - libgcc-ng >=7.3.0
  - libstdcxx-ng >=7.3.0
  - openssl >=1.1.1a,<1.1.2a
  - readline >=8.0,<9.0a0
  - sqlite >=3.30.1,<4.0a0
  - tk >=8.6.10,<8.7.0a0
  - zlib >=1.2.11,<1.3.0a0
  constrains:
  - python_abi 2.7.* *_cp27mu
  - python_abi * *_cp27mu
  license: PSF
  size: 12786925
  timestamp: 1583420245648
- kind: conda
  name: python
  version: 2.7.15
  build: h5a48372_1011_cpython
  build_number: 1011
  subdir: linux-aarch64
  url: https://conda.anaconda.org/conda-forge/linux-aarch64/python-2.7.15-h5a48372_1011_cpython.tar.bz2
  sha256: 6a5308eb6e93cc04106037a2e52b9699add94c77c85cb2f70ec1c1c3c118a250
  md5: 412b2eecf2473355aa24bac1b5d65f40
  depends:
  - ld_impl_linux-aarch64
  - libffi >=3.2.1,<3.3.0a0
  - libgcc-ng >=7.3.0
  - libstdcxx-ng >=7.3.0
  - openssl >=1.1.1a,<1.1.2a
  - readline >=8.0,<9.0a0
  - sqlite >=3.30.1,<4.0a0
  - tk >=8.6.10,<8.7.0a0
  - zlib >=1.2.11,<1.3.0a0
  constrains:
  - python_abi 2.7.* *_cp27mu
  - python_abi * *_cp27mu
  license: PSF
  size: 12407682
  timestamp: 1583420189184
- kind: conda
  name: readline
  version: '8.2'
  build: h8228510_1
  build_number: 1
  subdir: linux-64
  url: https://conda.anaconda.org/conda-forge/linux-64/readline-8.2-h8228510_1.conda
  sha256: 5435cf39d039387fbdc977b0a762357ea909a7694d9528ab40f005e9208744d7
  md5: 47d31b792659ce70f470b5c82fdfb7a4
  depends:
  - libgcc-ng >=12
  - ncurses >=6.3,<7.0a0
  license: GPL-3.0-only
  license_family: GPL
  size: 281456
  timestamp: 1679532220005
- kind: conda
  name: readline
  version: '8.2'
  build: h8fc344f_1
  build_number: 1
  subdir: linux-aarch64
  url: https://conda.anaconda.org/conda-forge/linux-aarch64/readline-8.2-h8fc344f_1.conda
  sha256: 4c99f7417419734e3797d45bc355e61c26520e111893b0d7087a01a7fbfbe3dd
  md5: 105eb1e16bf83bfb2eb380a48032b655
  depends:
  - libgcc-ng >=12
  - ncurses >=6.3,<7.0a0
  license: GPL-3.0-only
  license_family: GPL
  size: 294092
  timestamp: 1679532238805
- kind: conda
  name: sqlite
  version: 3.46.0
  build: h6d4b2fc_0
  subdir: linux-64
  url: https://conda.anaconda.org/conda-forge/linux-64/sqlite-3.46.0-h6d4b2fc_0.conda
  sha256: e849d576e52bf3e6fc5786f89b7d76978f2e2438587826c95570324cb572e52b
  md5: 77ea8dff5cf8550cc8f5629a6af56323
  depends:
  - libgcc-ng >=12
  - libsqlite 3.46.0 hde9e2c9_0
  - libzlib >=1.2.13,<2.0a0
  - ncurses >=6.5,<7.0a0
  - readline >=8.2,<9.0a0
  license: Unlicense
  size: 860352
  timestamp: 1718050658212
- kind: conda
  name: sqlite
  version: 3.46.0
  build: hdc7ab3c_0
  subdir: linux-aarch64
  url: https://conda.anaconda.org/conda-forge/linux-aarch64/sqlite-3.46.0-hdc7ab3c_0.conda
  sha256: d6425bffe24f02a0a2e4e4f228aeca16bde76074b9bce311a976c948f802aebe
  md5: e0e3a71d3b7092af7cb9e0696f6d0869
  depends:
  - libgcc-ng >=12
  - libsqlite 3.46.0 hf51ef55_0
  - libzlib >=1.2.13,<2.0a0
  - ncurses >=6.5,<7.0a0
  - readline >=8.2,<9.0a0
  license: Unlicense
  size: 1057383
  timestamp: 1718050601668
- kind: conda
  name: sysroot_linux-aarch64
  version: '2.17'
  build: h5b4a56d_16
  build_number: 16
  subdir: noarch
  noarch: generic
  url: https://conda.anaconda.org/conda-forge/noarch/sysroot_linux-aarch64-2.17-h5b4a56d_16.conda
  sha256: 0ef01e563e4943d7dff7b3adb4ba62778829f4246dffab3043e6b244996e781e
  md5: 9b21a7aa2da30fd368c735c6d6185ec4
  depends:
  - _sysroot_linux-aarch64_curr_repodata_hack 4.*
  - kernel-headers_linux-aarch64 4.18.0 h5b4a56d_16
  - tzdata
  license: LGPL-2.0-or-later AND LGPL-2.0-or-later WITH exceptions AND GPL-2.0-or-later AND MPL-2.0
  license_family: GPL
  size: 15612617
  timestamp: 1720621472671
- kind: conda
  name: tk
  version: 8.6.13
  build: h194ca79_0
  subdir: linux-aarch64
  url: https://conda.anaconda.org/conda-forge/linux-aarch64/tk-8.6.13-h194ca79_0.conda
  sha256: 7fa27cc512d3a783f38bd16bbbffc008807372499d5b65d089a8e43bde9db267
  md5: f75105e0585851f818e0009dd1dde4dc
  depends:
  - libgcc-ng >=12
  - libzlib >=1.2.13,<2.0.0a0
  license: TCL
  license_family: BSD
  size: 3351802
  timestamp: 1695506242997
- kind: conda
  name: tk
  version: 8.6.13
  build: noxft_h4845f30_101
  build_number: 101
  subdir: linux-64
  url: https://conda.anaconda.org/conda-forge/linux-64/tk-8.6.13-noxft_h4845f30_101.conda
  sha256: e0569c9caa68bf476bead1bed3d79650bb080b532c64a4af7d8ca286c08dea4e
  md5: d453b98d9c83e71da0741bb0ff4d76bc
  depends:
  - libgcc-ng >=12
  - libzlib >=1.2.13,<2.0.0a0
  license: TCL
  license_family: BSD
  size: 3318875
  timestamp: 1699202167581
- kind: conda
  name: tzdata
  version: 2024a
  build: h0c530f3_0
  subdir: noarch
  noarch: generic
  url: https://conda.anaconda.org/conda-forge/noarch/tzdata-2024a-h0c530f3_0.conda
  sha256: 7b2b69c54ec62a243eb6fba2391b5e443421608c3ae5dbff938ad33ca8db5122
  md5: 161081fc7cec0bfda0d86d7cb595f8d8
  license: LicenseRef-Public-Domain
  size: 119815
  timestamp: 1706886945727
- kind: conda
  name: zlib
  version: 1.2.13
  build: h4ab18f5_6
  build_number: 6
  subdir: linux-64
  url: https://conda.anaconda.org/conda-forge/linux-64/zlib-1.2.13-h4ab18f5_6.conda
  sha256: 534824ea44939f3e59ca8ebb95e3ece6f50f9d2a0e69999fbc692311252ed6ac
  md5: 559d338a4234c2ad6e676f460a093e67
  depends:
  - libgcc-ng >=12
  - libzlib 1.2.13 h4ab18f5_6
  license: Zlib
  license_family: Other
  size: 92883
  timestamp: 1716874088980
- kind: conda
  name: zlib
  version: 1.2.13
  build: h68df207_6
  build_number: 6
  subdir: linux-aarch64
  url: https://conda.anaconda.org/conda-forge/linux-aarch64/zlib-1.2.13-h68df207_6.conda
  sha256: 67d2e05bb76308ad2e6d8bd27d54e5f8d866d7900826a13f22b66ecacce02fed
  md5: 11012f81be8e7dae8495df7ec17c0cc5
  depends:
  - libgcc-ng >=12
  - libzlib 1.2.13 h68df207_6
  license: Zlib
  license_family: Other
  size: 95937
  timestamp: 1716874085408
