version: 5
environments:
  default:
    channels:
    - url: https://conda.anaconda.org/conda-forge/
    packages:
      linux-64:
      - conda: https://conda.anaconda.org/conda-forge/linux-64/_libgcc_mutex-0.1-conda_forge.tar.bz2
      - conda: https://conda.anaconda.org/conda-forge/linux-64/_openmp_mutex-4.5-2_gnu.tar.bz2
      - conda: https://conda.anaconda.org/conda-forge/linux-64/ca-certificates-2024.7.4-hbcca054_0.conda
      - conda: https://conda.anaconda.org/conda-forge/linux-64/icu-70.1-h27087fc_0.tar.bz2
      - conda: https://conda.anaconda.org/conda-forge/linux-64/ld_impl_linux-64-2.40-hf3520f5_7.conda
      - conda: https://conda.anaconda.org/conda-forge/linux-64/libffi-3.2.1-he1b5a44_1007.tar.bz2
      - conda: https://conda.anaconda.org/conda-forge/linux-64/libgcc-ng-14.1.0-h77fa898_0.conda
      - conda: https://conda.anaconda.org/conda-forge/linux-64/libgomp-14.1.0-h77fa898_0.conda
      - conda: https://conda.anaconda.org/conda-forge/linux-64/libsqlite-3.46.0-hde9e2c9_0.conda
      - conda: https://conda.anaconda.org/conda-forge/linux-64/libstdcxx-ng-14.1.0-hc0a3c3a_0.conda
      - conda: https://conda.anaconda.org/conda-forge/linux-64/libuv-1.44.2-hd590300_1.conda
      - conda: https://conda.anaconda.org/conda-forge/linux-64/libzlib-1.2.13-h4ab18f5_6.conda
      - conda: https://conda.anaconda.org/conda-forge/linux-64/ncurses-6.5-h59595ed_0.conda
      - conda: https://conda.anaconda.org/conda-forge/linux-64/nodejs-18.12.1-h96d913c_0.tar.bz2
      - conda: https://conda.anaconda.org/conda-forge/linux-64/openssl-1.1.1w-hd590300_0.conda
      - conda: https://conda.anaconda.org/conda-forge/linux-64/python-2.7.15-h5a48372_1011_cpython.tar.bz2
      - conda: https://conda.anaconda.org/conda-forge/linux-64/readline-8.2-h8228510_1.conda
      - conda: https://conda.anaconda.org/conda-forge/linux-64/sqlite-3.46.0-h6d4b2fc_0.conda
      - conda: https://conda.anaconda.org/conda-forge/linux-64/tk-8.6.13-noxft_h4845f30_101.conda
      - conda: https://conda.anaconda.org/conda-forge/linux-64/zlib-1.2.13-h4ab18f5_6.conda
packages:
- kind: conda
  name: _libgcc_mutex
  version: '0.1'
  build: conda_forge
  subdir: linux-64
  url: https://conda.anaconda.org/conda-forge/linux-64/_libgcc_mutex-0.1-conda_forge.tar.bz2
  sha256: fe51de6107f9edc7aa4f786a70f4a883943bc9d39b3bb7307c04c41410990726
  md5: d7c89558ba9fa0495403155b64376d81
  license: None
  size: 2562
  timestamp: 1578324546067
- kind: conda
  name: _openmp_mutex
  version: '4.5'
  build: 2_gnu
  build_number: 16
  subdir: linux-64
  url: https://conda.anaconda.org/conda-forge/linux-64/_openmp_mutex-4.5-2_gnu.tar.bz2
  sha256: fbe2c5e56a653bebb982eda4876a9178aedfc2b545f25d0ce9c4c0b508253d22
  md5: 73aaf86a425cc6e73fcf236a5a46396d
  depends:
  - _libgcc_mutex 0.1 conda_forge
  - libgomp >=7.5.0
  constrains:
  - openmp_impl 9999
  license: BSD-3-Clause
  license_family: BSD
  size: 23621
  timestamp: 1650670423406
- kind: conda
  name: ca-certificates
  version: 2024.7.4
  build: hbcca054_0
  subdir: linux-64
  url: https://conda.anaconda.org/conda-forge/linux-64/ca-certificates-2024.7.4-hbcca054_0.conda
  sha256: c1548a3235376f464f9931850b64b02492f379b2f2bb98bc786055329b080446
  md5: 23ab7665c5f63cfb9f1f6195256daac6
  license: ISC
  size: 154853
  timestamp: 1720077432978
- kind: conda
  name: icu
  version: '70.1'
  build: h27087fc_0
  subdir: linux-64
  url: https://conda.anaconda.org/conda-forge/linux-64/icu-70.1-h27087fc_0.tar.bz2
  sha256: 1d7950f3be4637ab915d886304e57731d39a41ab705ffc95c4681655c459374a
  md5: 87473a15119779e021c314249d4b4aed
  depends:
  - libgcc-ng >=10.3.0
  - libstdcxx-ng >=10.3.0
  license: MIT
  license_family: MIT
  size: 14191488
  timestamp: 1648050221778
- kind: conda
  name: ld_impl_linux-64
  version: '2.40'
  build: hf3520f5_7
  build_number: 7
  subdir: linux-64
  url: https://conda.anaconda.org/conda-forge/linux-64/ld_impl_linux-64-2.40-hf3520f5_7.conda
  sha256: 764b6950aceaaad0c67ef925417594dd14cd2e22fff864aeef455ac259263d15
  md5: b80f2f396ca2c28b8c14c437a4ed1e74
  constrains:
  - binutils_impl_linux-64 2.40
  license: GPL-3.0-only
  license_family: GPL
  size: 707602
  timestamp: 1718625640445
- kind: conda
  name: libffi
  version: 3.2.1
  build: he1b5a44_1007
  build_number: 1007
  subdir: linux-64
  url: https://conda.anaconda.org/conda-forge/linux-64/libffi-3.2.1-he1b5a44_1007.tar.bz2
  sha256: 992246df63724484e9ee8652ce3ca0237f707961beab8b813096bbc647cf84f4
  md5: 11389072d7d6036fd811c3d9460475cd
  depends:
  - libgcc-ng >=7.3.0
  - libstdcxx-ng >=7.3.0
  license: Custom
  size: 48003
  timestamp: 1584559351227
- kind: conda
  name: libgcc-ng
  version: 14.1.0
  build: h77fa898_0
  subdir: linux-64
  url: https://conda.anaconda.org/conda-forge/linux-64/libgcc-ng-14.1.0-h77fa898_0.conda
  sha256: b8e869ac96591cda2704bf7e77a301025e405227791a0bddf14a3dac65125538
  md5: ca0fad6a41ddaef54a153b78eccb5037
  depends:
  - _libgcc_mutex 0.1 conda_forge
  - _openmp_mutex >=4.5
  constrains:
  - libgomp 14.1.0 h77fa898_0
  license: GPL-3.0-only WITH GCC-exception-3.1
  license_family: GPL
  size: 842109
  timestamp: 1719538896937
- kind: conda
  name: libgomp
  version: 14.1.0
  build: h77fa898_0
  subdir: linux-64
  url: https://conda.anaconda.org/conda-forge/linux-64/libgomp-14.1.0-h77fa898_0.conda
  sha256: 7699df61a1f6c644b3576a40f54791561f2845983120477a16116b951c9cdb05
  md5: ae061a5ed5f05818acdf9adab72c146d
  depends:
  - _libgcc_mutex 0.1 conda_forge
  license: GPL-3.0-only WITH GCC-exception-3.1
  license_family: GPL
  size: 456925
  timestamp: 1719538796073
- kind: conda
  name: libsqlite
  version: 3.46.0
  build: hde9e2c9_0
  subdir: linux-64
  url: https://conda.anaconda.org/conda-forge/linux-64/libsqlite-3.46.0-hde9e2c9_0.conda
  sha256: daee3f68786231dad457d0dfde3f7f1f9a7f2018adabdbb864226775101341a8
  md5: 18aa975d2094c34aef978060ae7da7d8
  depends:
  - libgcc-ng >=12
  - libzlib >=1.2.13,<2.0a0
  license: Unlicense
  size: 865346
  timestamp: 1718050628718
- kind: conda
  name: libstdcxx-ng
  version: 14.1.0
  build: hc0a3c3a_0
  subdir: linux-64
  url: https://conda.anaconda.org/conda-forge/linux-64/libstdcxx-ng-14.1.0-hc0a3c3a_0.conda
  sha256: 88c42b388202ffe16adaa337e36cf5022c63cf09b0405cf06fc6aeacccbe6146
  md5: 1cb187a157136398ddbaae90713e2498
  depends:
  - libgcc-ng 14.1.0 h77fa898_0
  license: GPL-3.0-only WITH GCC-exception-3.1
  license_family: GPL
  size: 3881307
  timestamp: 1719538923443
- kind: conda
  name: libuv
  version: 1.44.2
  build: hd590300_1
  build_number: 1
  subdir: linux-64
  url: https://conda.anaconda.org/conda-forge/linux-64/libuv-1.44.2-hd590300_1.conda
  sha256: 4910371113afddc55b9a70f468e0c921600ff76e2e5da4084e6039f685ab8151
  md5: d5447f6f8c208232db63db85e053574d
  depends:
  - libgcc-ng >=12
  license: MIT
  license_family: MIT
  size: 823882
  timestamp: 1690371294300
- kind: conda
  name: libzlib
  version: 1.2.13
  build: h4ab18f5_6
  build_number: 6
  subdir: linux-64
  url: https://conda.anaconda.org/conda-forge/linux-64/libzlib-1.2.13-h4ab18f5_6.conda
  sha256: 8ced4afed6322172182af503f21725d072a589a6eb918f8a58135c1e00d35980
  md5: 27329162c0dc732bcf67a4e0cd488125
  depends:
  - libgcc-ng >=12
  constrains:
  - zlib 1.2.13 *_6
  license: Zlib
  license_family: Other
  size: 61571
  timestamp: 1716874066944
- kind: conda
  name: ncurses
  version: '6.5'
  build: h59595ed_0
  subdir: linux-64
  url: https://conda.anaconda.org/conda-forge/linux-64/ncurses-6.5-h59595ed_0.conda
  sha256: 4fc3b384f4072b68853a0013ea83bdfd3d66b0126e2238e1d6e1560747aa7586
  md5: fcea371545eda051b6deafb24889fc69
  depends:
  - libgcc-ng >=12
  license: X11 AND BSD-3-Clause
  size: 887465
  timestamp: 1715194722503
- kind: conda
  name: nodejs
  version: 18.12.1
  build: h96d913c_0
  subdir: linux-64
  url: https://conda.anaconda.org/conda-forge/linux-64/nodejs-18.12.1-h96d913c_0.tar.bz2
  sha256: fe3db2cfa8422f139dc0503a360054f2bd069bf11f35cb593da832d45f3867cb
  md5: beedcccf403764141f6a54721fd4de29
  depends:
  - __glibc >=2.17,<3.0.a0
  - icu >=70.1,<71.0a0
  - libgcc-ng >=12
  - libstdcxx-ng >=12
  - libuv >=1.44.2,<1.45.0a0
  - libzlib >=1.2.13,<2.0.0a0
  - openssl >=1.1.1s,<1.1.2a
  - zlib
  license: MIT
  license_family: MIT
  size: 17065235
  timestamp: 1668022829699
- kind: conda
  name: openssl
  version: 1.1.1w
  build: hd590300_0
  subdir: linux-64
  url: https://conda.anaconda.org/conda-forge/linux-64/openssl-1.1.1w-hd590300_0.conda
  sha256: 4fe19885c77f0758084feb54954bd1977dfeeab7134fba0a1d9c0cfff821d6bd
  md5: 301e70057a3bd399640bb16bbdf87995
  depends:
  - ca-certificates
  - libgcc-ng >=12
  license: OpenSSL
  license_family: Apache
  size: 1956010
  timestamp: 1694461292959
- kind: conda
  name: python
  version: 2.7.15
  build: h5a48372_1011_cpython
  build_number: 1011
  subdir: linux-64
  url: https://conda.anaconda.org/conda-forge/linux-64/python-2.7.15-h5a48372_1011_cpython.tar.bz2
  sha256: 1aab076b979046983a74d10b890dc4534eaedcc08a6e2f4e7fb16cc4a05e02e0
  md5: d1824ac0987155f58a03b7ffda01db38
  depends:
  - ld_impl_linux-64
  - libffi >=3.2.1,<3.3.0a0
  - libgcc-ng >=7.3.0
  - libstdcxx-ng >=7.3.0
  - openssl >=1.1.1a,<1.1.2a
  - readline >=8.0,<9.0a0
  - sqlite >=3.30.1,<4.0a0
  - tk >=8.6.10,<8.7.0a0
  - zlib >=1.2.11,<1.3.0a0
  constrains:
  - python_abi 2.7.* *_cp27mu
  - python_abi * *_cp27mu
  license: PSF
  size: 12786925
  timestamp: 1583420245648
- kind: conda
  name: readline
  version: '8.2'
  build: h8228510_1
  build_number: 1
  subdir: linux-64
  url: https://conda.anaconda.org/conda-forge/linux-64/readline-8.2-h8228510_1.conda
  sha256: 5435cf39d039387fbdc977b0a762357ea909a7694d9528ab40f005e9208744d7
  md5: 47d31b792659ce70f470b5c82fdfb7a4
  depends:
  - libgcc-ng >=12
  - ncurses >=6.3,<7.0a0
  license: GPL-3.0-only
  license_family: GPL
  size: 281456
  timestamp: 1679532220005
- kind: conda
  name: sqlite
  version: 3.46.0
  build: h6d4b2fc_0
  subdir: linux-64
  url: https://conda.anaconda.org/conda-forge/linux-64/sqlite-3.46.0-h6d4b2fc_0.conda
  sha256: e849d576e52bf3e6fc5786f89b7d76978f2e2438587826c95570324cb572e52b
  md5: 77ea8dff5cf8550cc8f5629a6af56323
  depends:
  - libgcc-ng >=12
  - libsqlite 3.46.0 hde9e2c9_0
  - libzlib >=1.2.13,<2.0a0
  - ncurses >=6.5,<7.0a0
  - readline >=8.2,<9.0a0
  license: Unlicense
  size: 860352
  timestamp: 1718050658212
- kind: conda
  name: tk
  version: 8.6.13
  build: noxft_h4845f30_101
  build_number: 101
  subdir: linux-64
  url: https://conda.anaconda.org/conda-forge/linux-64/tk-8.6.13-noxft_h4845f30_101.conda
  sha256: e0569c9caa68bf476bead1bed3d79650bb080b532c64a4af7d8ca286c08dea4e
  md5: d453b98d9c83e71da0741bb0ff4d76bc
  depends:
  - libgcc-ng >=12
  - libzlib >=1.2.13,<2.0.0a0
  license: TCL
  license_family: BSD
  size: 3318875
  timestamp: 1699202167581
- kind: conda
  name: zlib
  version: 1.2.13
  build: h4ab18f5_6
  build_number: 6
  subdir: linux-64
  url: https://conda.anaconda.org/conda-forge/linux-64/zlib-1.2.13-h4ab18f5_6.conda
  sha256: 534824ea44939f3e59ca8ebb95e3ece6f50f9d2a0e69999fbc692311252ed6ac
  md5: 559d338a4234c2ad6e676f460a093e67
  depends:
  - libgcc-ng >=12
  - libzlib 1.2.13 h4ab18f5_6
  license: Zlib
  license_family: Other
  size: 92883
  timestamp: 1716874088980
