version: 6
environments:
  default:
    channels:
    - url: https://conda.anaconda.org/conda-forge/
    packages:
      linux-64:
      - conda: https://conda.anaconda.org/conda-forge/linux-64/_libgcc_mutex-0.1-conda_forge.tar.bz2
      - conda: https://conda.anaconda.org/conda-forge/linux-64/_openmp_mutex-4.5-2_gnu.tar.bz2
      - conda: https://conda.anaconda.org/conda-forge/linux-64/bzip2-1.0.8-h4bc722e_7.conda
      - conda: https://conda.anaconda.org/conda-forge/linux-64/c-ares-1.33.1-heb4867d_0.conda
      - conda: https://conda.anaconda.org/conda-forge/linux-64/ca-certificates-2024.7.4-hbcca054_0.conda
      - conda: https://conda.anaconda.org/conda-forge/linux-64/curl-7.87.0-h6312ad2_0.conda
      - conda: https://conda.anaconda.org/conda-forge/linux-64/expat-2.6.2-h59595ed_0.conda
      - conda: https://conda.anaconda.org/conda-forge/linux-64/gettext-0.22.5-he02047a_3.conda
      - conda: https://conda.anaconda.org/conda-forge/linux-64/gettext-tools-0.22.5-he02047a_3.conda
      - conda: https://conda.anaconda.org/conda-forge/linux-64/git-2.39.1-pl5321ha3eba64_0.conda
      - conda: https://conda.anaconda.org/conda-forge/linux-64/icu-70.1-h27087fc_0.tar.bz2
      - conda: https://conda.anaconda.org/conda-forge/noarch/jieba-0.39-pyh9f0ad1d_1.tar.bz2
      - conda: https://conda.anaconda.org/conda-forge/linux-64/keyutils-1.6.1-h166bdaf_0.tar.bz2
      - conda: https://conda.anaconda.org/conda-forge/linux-64/krb5-1.20.1-hf9c8cef_0.conda
      - conda: https://conda.anaconda.org/conda-forge/linux-64/ld_impl_linux-64-2.40-hf3520f5_7.conda
      - conda: https://conda.anaconda.org/conda-forge/linux-64/libasprintf-0.22.5-he8f35ee_3.conda
      - conda: https://conda.anaconda.org/conda-forge/linux-64/libasprintf-devel-0.22.5-he8f35ee_3.conda
      - conda: https://conda.anaconda.org/conda-forge/linux-64/libcurl-7.87.0-h6312ad2_0.conda
      - conda: https://conda.anaconda.org/conda-forge/linux-64/libedit-3.1.20191231-he28a2e2_2.tar.bz2
      - conda: https://conda.anaconda.org/conda-forge/linux-64/libev-4.33-hd590300_2.conda
      - conda: https://conda.anaconda.org/conda-forge/linux-64/libexpat-2.6.2-h59595ed_0.conda
      - conda: https://conda.anaconda.org/conda-forge/linux-64/libffi-3.2.1-he1b5a44_1007.tar.bz2
      - conda: https://conda.anaconda.org/conda-forge/linux-64/libgcc-ng-14.1.0-h77fa898_0.conda
      - conda: https://conda.anaconda.org/conda-forge/linux-64/libgettextpo-0.22.5-he02047a_3.conda
      - conda: https://conda.anaconda.org/conda-forge/linux-64/libgettextpo-devel-0.22.5-he02047a_3.conda
      - conda: https://conda.anaconda.org/conda-forge/linux-64/libgomp-14.1.0-h77fa898_0.conda
      - conda: https://conda.anaconda.org/conda-forge/linux-64/libiconv-1.17-hd590300_2.conda
      - conda: https://conda.anaconda.org/conda-forge/linux-64/libnghttp2-1.51.0-hdcd2b5c_0.conda
      - conda: https://conda.anaconda.org/conda-forge/linux-64/libsqlite-3.46.0-hde9e2c9_0.conda
      - conda: https://conda.anaconda.org/conda-forge/linux-64/libssh2-1.10.0-haa6b8db_3.tar.bz2
      - conda: https://conda.anaconda.org/conda-forge/linux-64/libstdcxx-ng-14.1.0-hc0a3c3a_0.conda
      - conda: https://conda.anaconda.org/conda-forge/linux-64/libuv-1.44.2-hd590300_1.conda
      - conda: https://conda.anaconda.org/conda-forge/linux-64/libxcrypt-4.4.36-hd590300_1.conda
      - conda: https://conda.anaconda.org/conda-forge/linux-64/libzlib-1.2.13-h4ab18f5_6.conda
      - conda: https://conda.anaconda.org/conda-forge/linux-64/ncurses-6.5-h59595ed_0.conda
      - conda: https://conda.anaconda.org/conda-forge/linux-64/nodejs-18.12.1-h96d913c_0.tar.bz2
      - conda: https://conda.anaconda.org/conda-forge/linux-64/openssl-1.1.1w-hd590300_0.conda
      - conda: https://conda.anaconda.org/conda-forge/linux-64/pcre2-10.40-hc3806b6_0.tar.bz2
      - conda: https://conda.anaconda.org/conda-forge/linux-64/perl-5.32.1-7_hd590300_perl5.conda
      - conda: https://conda.anaconda.org/conda-forge/linux-64/python-2.7.15-h5a48372_1011_cpython.tar.bz2
      - conda: https://conda.anaconda.org/conda-forge/linux-64/readline-8.2-h8228510_1.conda
      - conda: https://conda.anaconda.org/conda-forge/linux-64/sqlite-3.46.0-h6d4b2fc_0.conda
      - conda: https://conda.anaconda.org/conda-forge/linux-64/tk-8.6.13-noxft_h4845f30_101.conda
      - conda: https://conda.anaconda.org/conda-forge/linux-64/zlib-1.2.13-h4ab18f5_6.conda
      linux-aarch64:
      - conda: https://conda.anaconda.org/conda-forge/linux-aarch64/_openmp_mutex-4.5-2_gnu.tar.bz2
      - conda: https://conda.anaconda.org/conda-forge/noarch/_sysroot_linux-aarch64_curr_repodata_hack-4-h57d6b7b_16.conda
      - conda: https://conda.anaconda.org/conda-forge/linux-aarch64/binutils_impl_linux-aarch64-2.40-hf54a868_7.conda
      - conda: https://conda.anaconda.org/conda-forge/linux-aarch64/bzip2-1.0.8-h68df207_7.conda
      - conda: https://conda.anaconda.org/conda-forge/linux-aarch64/c-ares-1.33.1-ha64f414_0.conda
      - conda: https://conda.anaconda.org/conda-forge/linux-aarch64/ca-certificates-2024.7.4-hcefe29a_0.conda
      - conda: https://conda.anaconda.org/conda-forge/linux-aarch64/curl-7.87.0-h4f97d7c_0.conda
      - conda: https://conda.anaconda.org/conda-forge/linux-aarch64/expat-2.6.2-h2f0025b_0.conda
      - conda: https://conda.anaconda.org/conda-forge/linux-aarch64/gcc-14.1.0-h21aac20_0.conda
      - conda: https://conda.anaconda.org/conda-forge/linux-aarch64/gcc_impl_linux-aarch64-14.1.0-h21755a0_0.conda
      - conda: https://conda.anaconda.org/conda-forge/linux-aarch64/gettext-0.22.5-h0a1ffab_3.conda
      - conda: https://conda.anaconda.org/conda-forge/linux-aarch64/gettext-tools-0.22.5-h0a1ffab_3.conda
      - conda: https://conda.anaconda.org/conda-forge/linux-aarch64/git-2.39.1-pl5321h94aa16f_0.conda
      - conda: https://conda.anaconda.org/conda-forge/linux-aarch64/gxx-14.1.0-h21aac20_0.conda
      - conda: https://conda.anaconda.org/conda-forge/linux-aarch64/gxx_impl_linux-aarch64-14.1.0-h2213b8a_0.conda
      - conda: https://conda.anaconda.org/conda-forge/linux-aarch64/icu-70.1-ha18d298_0.tar.bz2
      - conda: https://conda.anaconda.org/conda-forge/noarch/jieba-0.39-pyh9f0ad1d_1.tar.bz2
      - conda: https://conda.anaconda.org/conda-forge/noarch/kernel-headers_linux-aarch64-4.18.0-h5b4a56d_16.conda
      - conda: https://conda.anaconda.org/conda-forge/linux-aarch64/keyutils-1.6.1-h4e544f5_0.tar.bz2
      - conda: https://conda.anaconda.org/conda-forge/linux-aarch64/krb5-1.20.1-h519e096_0.conda
      - conda: https://conda.anaconda.org/conda-forge/linux-aarch64/ld_impl_linux-aarch64-2.40-h9fc2d93_7.conda
      - conda: https://conda.anaconda.org/conda-forge/linux-aarch64/libasprintf-0.22.5-h87f4aca_3.conda
      - conda: https://conda.anaconda.org/conda-forge/linux-aarch64/libasprintf-devel-0.22.5-h87f4aca_3.conda
      - conda: https://conda.anaconda.org/conda-forge/linux-aarch64/libcurl-7.87.0-h4f97d7c_0.conda
      - conda: https://conda.anaconda.org/conda-forge/linux-aarch64/libedit-3.1.20191231-he28a2e2_2.tar.bz2
      - conda: https://conda.anaconda.org/conda-forge/linux-aarch64/libev-4.33-h31becfc_2.conda
      - conda: https://conda.anaconda.org/conda-forge/linux-aarch64/libexpat-2.6.2-h2f0025b_0.conda
      - conda: https://conda.anaconda.org/conda-forge/linux-aarch64/libffi-3.2.1-h4c5d2ac_1007.tar.bz2
      - conda: https://conda.anaconda.org/conda-forge/noarch/libgcc-devel_linux-aarch64-14.1.0-h8373c25_100.conda
      - conda: https://conda.anaconda.org/conda-forge/linux-aarch64/libgcc-ng-14.1.0-he277a41_0.conda
      - conda: https://conda.anaconda.org/conda-forge/linux-aarch64/libgettextpo-0.22.5-h0a1ffab_3.conda
      - conda: https://conda.anaconda.org/conda-forge/linux-aarch64/libgettextpo-devel-0.22.5-h0a1ffab_3.conda
      - conda: https://conda.anaconda.org/conda-forge/linux-aarch64/libgomp-14.1.0-he277a41_0.conda
      - conda: https://conda.anaconda.org/conda-forge/linux-aarch64/libiconv-1.17-h31becfc_2.conda
      - conda: https://conda.anaconda.org/conda-forge/linux-aarch64/libnghttp2-1.51.0-h4173d3e_0.conda
      - conda: https://conda.anaconda.org/conda-forge/linux-aarch64/libsanitizer-14.1.0-h1bb4367_0.conda
      - conda: https://conda.anaconda.org/conda-forge/linux-aarch64/libsqlite-3.46.0-hf51ef55_0.conda
      - conda: https://conda.anaconda.org/conda-forge/linux-aarch64/libssh2-1.10.0-h4bb3959_3.tar.bz2
      - conda: https://conda.anaconda.org/conda-forge/noarch/libstdcxx-devel_linux-aarch64-14.1.0-h8373c25_100.conda
      - conda: https://conda.anaconda.org/conda-forge/linux-aarch64/libstdcxx-ng-14.1.0-h3f4de04_0.conda
      - conda: https://conda.anaconda.org/conda-forge/linux-aarch64/libuv-1.44.2-h31becfc_1.conda
      - conda: https://conda.anaconda.org/conda-forge/linux-aarch64/libxcrypt-4.4.36-h31becfc_1.conda
      - conda: https://conda.anaconda.org/conda-forge/linux-aarch64/libzlib-1.2.13-h68df207_6.conda
      - conda: https://conda.anaconda.org/conda-forge/linux-aarch64/make-4.3-h309ac5b_1.tar.bz2
      - conda: https://conda.anaconda.org/conda-forge/linux-aarch64/ncurses-6.5-h0425590_0.conda
      - conda: https://conda.anaconda.org/conda-forge/linux-aarch64/nodejs-18.12.1-he850d6a_0.tar.bz2
      - conda: https://conda.anaconda.org/conda-forge/linux-aarch64/openssl-1.1.1w-h31becfc_0.conda
      - conda: https://conda.anaconda.org/conda-forge/linux-aarch64/pcre2-10.40-he7b27c6_0.tar.bz2
      - conda: https://conda.anaconda.org/conda-forge/linux-aarch64/perl-5.32.1-7_h31becfc_perl5.conda
      - conda: https://conda.anaconda.org/conda-forge/linux-aarch64/python-2.7.15-h5a48372_1011_cpython.tar.bz2
      - conda: https://conda.anaconda.org/conda-forge/linux-aarch64/readline-8.2-h8fc344f_1.conda
      - conda: https://conda.anaconda.org/conda-forge/linux-aarch64/sqlite-3.46.0-hdc7ab3c_0.conda
      - conda: https://conda.anaconda.org/conda-forge/noarch/sysroot_linux-aarch64-2.17-h5b4a56d_16.conda
      - conda: https://conda.anaconda.org/conda-forge/linux-aarch64/tk-8.6.13-h194ca79_0.conda
      - conda: https://conda.anaconda.org/conda-forge/noarch/tzdata-2024a-h0c530f3_0.conda
      - conda: https://conda.anaconda.org/conda-forge/linux-aarch64/zlib-1.2.13-h68df207_6.conda
packages:
- conda: https://conda.anaconda.org/conda-forge/linux-64/_libgcc_mutex-0.1-conda_forge.tar.bz2
  sha256: fe51de6107f9edc7aa4f786a70f4a883943bc9d39b3bb7307c04c41410990726
  md5: d7c89558ba9fa0495403155b64376d81
  license: None
  size: 2562
  timestamp: 1578324546067
- conda: https://conda.anaconda.org/conda-forge/linux-64/_openmp_mutex-4.5-2_gnu.tar.bz2
  build_number: 16
  sha256: fbe2c5e56a653bebb982eda4876a9178aedfc2b545f25d0ce9c4c0b508253d22
  md5: 73aaf86a425cc6e73fcf236a5a46396d
  depends:
  - _libgcc_mutex 0.1 conda_forge
  - libgomp >=7.5.0
  constrains:
  - openmp_impl 9999
  license: BSD-3-Clause
  license_family: BSD
  size: 23621
  timestamp: 1650670423406
- conda: https://conda.anaconda.org/conda-forge/linux-aarch64/_openmp_mutex-4.5-2_gnu.tar.bz2
  build_number: 16
  sha256: 3702bef2f0a4d38bd8288bbe54aace623602a1343c2cfbefd3fa188e015bebf0
  md5: 6168d71addc746e8f2b8d57dfd2edcea
  depends:
  - libgomp >=7.5.0
  constrains:
  - openmp_impl 9999
  license: BSD-3-Clause
  license_family: BSD
  size: 23712
  timestamp: 1650670790230
- conda: https://conda.anaconda.org/conda-forge/noarch/_sysroot_linux-aarch64_curr_repodata_hack-4-h57d6b7b_16.conda
  sha256: 9145a604443bd9a08a210e6fabc33c719fcb20a3276036386ccb2c6d90dbae56
  md5: a987fa62103c4fcf9a572795723bc721
  license: LGPL-2.0-or-later AND LGPL-2.0-or-later WITH exceptions AND GPL-2.0-or-later AND MPL-2.0
  license_family: GPL
  size: 20978
  timestamp: 1720621376589
- conda: https://conda.anaconda.org/conda-forge/linux-aarch64/binutils_impl_linux-aarch64-2.40-hf54a868_7.conda
  sha256: 71d3bae11ebe72005216aa359325a6451b9c040c1a2c6411409d093d11f90114
  md5: 1c626cff2060938c4d7ec45068b50dc3
  depends:
  - ld_impl_linux-aarch64 2.40 h9fc2d93_7
  - sysroot_linux-aarch64
  license: GPL-3.0-only
  license_family: GPL
  size: 6095853
  timestamp: 1718625674423
- conda: https://conda.anaconda.org/conda-forge/linux-64/bzip2-1.0.8-h4bc722e_7.conda
  sha256: 5ced96500d945fb286c9c838e54fa759aa04a7129c59800f0846b4335cee770d
  md5: 62ee74e96c5ebb0af99386de58cf9553
  depends:
  - __glibc >=2.17,<3.0.a0
  - libgcc-ng >=12
  arch: x86_64
  platform: linux
  license: bzip2-1.0.6
  license_family: BSD
  size: 252783
  timestamp: 1720974456583
- conda: https://conda.anaconda.org/conda-forge/linux-aarch64/bzip2-1.0.8-h68df207_7.conda
  sha256: 2258b0b33e1cb3a9852d47557984abb6e7ea58e3d7f92706ec1f8e879290c4cb
  md5: 56398c28220513b9ea13d7b450acfb20
  depends:
  - libgcc-ng >=12
  arch: aarch64
  platform: linux
  license: bzip2-1.0.6
  license_family: BSD
  size: 189884
  timestamp: 1720974504976
- conda: https://conda.anaconda.org/conda-forge/linux-64/c-ares-1.33.1-heb4867d_0.conda
  sha256: 2cb24f613eaf2850b1a08f28f967b10d8bd44ef623efa0154dc45eb718776be6
  md5: 0d3c60291342c0c025db231353376dfb
  depends:
  - __glibc >=2.28,<3.0.a0
  - libgcc-ng >=13
  arch: x86_64
  platform: linux
  license: MIT
  license_family: MIT
  size: 182796
  timestamp: 1724438109690
- conda: https://conda.anaconda.org/conda-forge/linux-aarch64/c-ares-1.33.1-ha64f414_0.conda
  sha256: c9eddea9beb6ba629cb922082fcf144936cd47cc9ed7625e98106f314d237e0f
  md5: 2165b9057be5ecaa90f2efd192f1155e
  depends:
  - __glibc >=2.28,<3.0.a0
  - libgcc-ng >=13
  arch: aarch64
  platform: linux
  license: MIT
  license_family: MIT
  size: 192713
  timestamp: 1724438144931
- conda: https://conda.anaconda.org/conda-forge/linux-64/ca-certificates-2024.7.4-hbcca054_0.conda
  sha256: c1548a3235376f464f9931850b64b02492f379b2f2bb98bc786055329b080446
  md5: 23ab7665c5f63cfb9f1f6195256daac6
  license: ISC
  size: 154853
  timestamp: 1720077432978
- conda: https://conda.anaconda.org/conda-forge/linux-aarch64/ca-certificates-2024.7.4-hcefe29a_0.conda
  sha256: 562bfc2608d82996a08e5b5b2366ed319a51ace6a2518a004ba672edca75fc23
  md5: c4c784a1336d72fff54f6b207f3dd75f
  license: ISC
  size: 154904
  timestamp: 1720078197019
- conda: https://conda.anaconda.org/conda-forge/linux-64/curl-7.87.0-h6312ad2_0.conda
  sha256: 5ca7a515166fc1960f7a0ff451c9d3ef1c35cd8d66f0780c91085a276b209e3e
  md5: e6ca70adeae12dce14cbf412b58ace64
  depends:
  - krb5 >=1.20.1,<1.21.0a0
  - libcurl 7.87.0 h6312ad2_0
  - libgcc-ng >=12
  - libssh2 >=1.10.0,<2.0a0
  - libzlib >=1.2.13,<2.0.0a0
  - openssl >=1.1.1s,<1.1.2a
  arch: x86_64
  platform: linux
  license: curl
  license_family: MIT
  size: 88193
  timestamp: 1671621587065
- conda: https://conda.anaconda.org/conda-forge/linux-aarch64/curl-7.87.0-h4f97d7c_0.conda
  sha256: 78ba004531419c7c254cd33518016f26489c8fd189b858a92ccf458f667fd40f
  md5: 6e198d6ae6a16968a29b42049b6fe46e
  depends:
  - krb5 >=1.20.1,<1.21.0a0
  - libcurl 7.87.0 h4f97d7c_0
  - libgcc-ng >=12
  - libssh2 >=1.10.0,<2.0a0
  - libzlib >=1.2.13,<2.0.0a0
  - openssl >=1.1.1s,<1.1.2a
  arch: aarch64
  platform: linux
  license: curl
  license_family: MIT
  size: 90347
  timestamp: 1671621624612
- conda: https://conda.anaconda.org/conda-forge/linux-64/expat-2.6.2-h59595ed_0.conda
  sha256: 89916c536ae5b85bb8bf0cfa27d751e274ea0911f04e4a928744735c14ef5155
  md5: 53fb86322bdb89496d7579fe3f02fd61
  depends:
  - libexpat 2.6.2 h59595ed_0
  - libgcc-ng >=12
  arch: x86_64
  platform: linux
  license: MIT
  license_family: MIT
  size: 137627
  timestamp: 1710362144873
- conda: https://conda.anaconda.org/conda-forge/linux-aarch64/expat-2.6.2-h2f0025b_0.conda
  sha256: a7a998faf6b9ed71d8c5c67f996e7faa52a7b9b02ed2d2f2ab6cfa1db8e5aca4
  md5: 6d31100ba1e12773b4f1ef0693fb0169
  depends:
  - libexpat 2.6.2 h2f0025b_0
  - libgcc-ng >=12
  arch: aarch64
  platform: linux
  license: MIT
  license_family: MIT
  size: 128302
  timestamp: 1710362329008
- conda: https://conda.anaconda.org/conda-forge/linux-aarch64/gcc-14.1.0-h21aac20_0.conda
  sha256: cbd9cac1004281c6cd3115683827088173be9ef924079d8ffee3a5b98d72c585
  md5: f91d5a6b99ed3f5c104f107be16e68df
  depends:
  - gcc_impl_linux-aarch64 14.1.0.*
  license: BSD-3-Clause
  license_family: BSD
  size: 51778
  timestamp: 1719547829441
- conda: https://conda.anaconda.org/conda-forge/linux-aarch64/gcc_impl_linux-aarch64-14.1.0-h21755a0_0.conda
  sha256: 957bef8ebff0207073afec17695558e86a2bbb71c9c010da2a2e60163e003037
  md5: 69972d2f63a1a79924c096f7594f2de1
  depends:
  - binutils_impl_linux-aarch64 >=2.40
  - libgcc-devel_linux-aarch64 14.1.0 h8373c25_100
  - libgcc-ng >=14.1.0
  - libgomp >=14.1.0
  - libsanitizer 14.1.0 h1bb4367_0
  - libstdcxx-ng >=14.1.0
  - sysroot_linux-aarch64
  license: GPL-3.0-only WITH GCC-exception-3.1
  license_family: GPL
  size: 69546388
  timestamp: 1719547651797
- conda: https://conda.anaconda.org/conda-forge/linux-64/gettext-0.22.5-he02047a_3.conda
  sha256: c3d9a453f523acbf2b3e1c82a42edfc7c7111b4686a2180ab48cb9b51a274218
  md5: c7f243bbaea97cd6ea1edd693270100e
  depends:
  - __glibc >=2.17,<3.0.a0
  - gettext-tools 0.22.5 he02047a_3
  - libasprintf 0.22.5 he8f35ee_3
  - libasprintf-devel 0.22.5 he8f35ee_3
  - libgcc-ng >=12
  - libgettextpo 0.22.5 he02047a_3
  - libgettextpo-devel 0.22.5 he02047a_3
  - libstdcxx-ng >=12
  arch: x86_64
  platform: linux
  license: LGPL-2.1-or-later AND GPL-3.0-or-later
  size: 479452
  timestamp: 1723626088190
- conda: https://conda.anaconda.org/conda-forge/linux-aarch64/gettext-0.22.5-h0a1ffab_3.conda
  sha256: 25b0b40329537f374a7394474376b01fd226e31f3ff3aa9254e8d328b23c2145
  md5: be78ccdd273e43e27e66fc1629df6576
  depends:
  - gettext-tools 0.22.5 h0a1ffab_3
  - libasprintf 0.22.5 h87f4aca_3
  - libasprintf-devel 0.22.5 h87f4aca_3
  - libgcc-ng >=12
  - libgettextpo 0.22.5 h0a1ffab_3
  - libgettextpo-devel 0.22.5 h0a1ffab_3
  - libstdcxx-ng >=12
  arch: aarch64
  platform: linux
  license: LGPL-2.1-or-later AND GPL-3.0-or-later
  size: 481962
  timestamp: 1723626297896
- conda: https://conda.anaconda.org/conda-forge/linux-64/gettext-tools-0.22.5-he02047a_3.conda
  sha256: 0fd003953ce1ce9f4569458aab9ffaa397e3be2bc069250e2f05fd93b0ad2976
  md5: fcd2016d1d299f654f81021e27496818
  depends:
  - __glibc >=2.17,<3.0.a0
  - libgcc-ng >=12
  arch: x86_64
  platform: linux
  license: GPL-3.0-or-later
  license_family: GPL
  size: 2750908
  timestamp: 1723626056740
- conda: https://conda.anaconda.org/conda-forge/linux-aarch64/gettext-tools-0.22.5-h0a1ffab_3.conda
  sha256: 9846b9d2e3d081cc8cb9ac7800c7e02a7b63bceea8619e0c51cfa271f89afdb2
  md5: 5fc8dfe3163ead62e0af82d97ce6b486
  depends:
  - libgcc-ng >=12
  arch: aarch64
  platform: linux
  license: GPL-3.0-or-later
  license_family: GPL
  size: 2954814
  timestamp: 1723626262722
- conda: https://conda.anaconda.org/conda-forge/linux-64/git-2.39.1-pl5321ha3eba64_0.conda
  sha256: 038792e009f756ba039f80f0bb666822f3158bea94dcafea84acf43b75dffe60
  md5: b0fa593d3031bc5522d4dbce1beee1c8
  depends:
  - curl
  - expat >=2.5.0,<3.0a0
  - gettext
  - libgcc-ng >=12
  - libiconv >=1.17,<2.0a0
  - libzlib >=1.2.13,<2.0.0a0
  - openssl >=1.1.1s,<1.1.2a
  - pcre2 >=10.40,<10.41.0a0
  - perl 5.*
  arch: x86_64
  platform: linux
  license: GPL-2.0-or-later and LGPL-2.1-or-later
  size: 9152911
  timestamp: 1674002751239
- conda: https://conda.anaconda.org/conda-forge/linux-aarch64/git-2.39.1-pl5321h94aa16f_0.conda
  sha256: 9b5ab91ac4c3e82bdf3010f891ddf6baafe245c6e9ccd2f3e4fd6f486b5548aa
  md5: 0215c73887ecac9d5c4b571fe15b3268
  depends:
  - curl
  - expat >=2.5.0,<3.0a0
  - gettext
  - libgcc-ng >=12
  - libiconv >=1.17,<2.0a0
  - libzlib >=1.2.13,<2.0.0a0
  - openssl >=1.1.1s,<1.1.2a
  - pcre2 >=10.40,<10.41.0a0
  - perl 5.*
  arch: aarch64
  platform: linux
  license: GPL-2.0-or-later and LGPL-2.1-or-later
  size: 11765140
  timestamp: 1674005011257
- conda: https://conda.anaconda.org/conda-forge/linux-aarch64/gxx-14.1.0-h21aac20_0.conda
  sha256: bbf431b558871c7a1292b013e6c6132bb4f3f76b4467895bf27477e9acfbbc25
  md5: 2028e4c583b62254b4d45b3fb931699c
  depends:
  - gcc 14.1.0.*
  - gxx_impl_linux-aarch64 14.1.0.*
  license: BSD-3-Clause
  license_family: BSD
  size: 51260
  timestamp: 1719548001932
- conda: https://conda.anaconda.org/conda-forge/linux-aarch64/gxx_impl_linux-aarch64-14.1.0-h2213b8a_0.conda
  sha256: 7ad5b0fbea6d0c4ebf7996b019ca44783f24d66f5abc684904e307d1bd9dd596
  md5: 2e9c3b5d36c43d6cdcc9de86d6928e8c
  depends:
  - gcc_impl_linux-aarch64 14.1.0 h21755a0_0
  - libstdcxx-devel_linux-aarch64 14.1.0 h8373c25_100
  - sysroot_linux-aarch64
  license: GPL-3.0-only WITH GCC-exception-3.1
  license_family: GPL
  size: 14148206
  timestamp: 1719547949208
- conda: https://conda.anaconda.org/conda-forge/linux-64/icu-70.1-h27087fc_0.tar.bz2
  sha256: 1d7950f3be4637ab915d886304e57731d39a41ab705ffc95c4681655c459374a
  md5: 87473a15119779e021c314249d4b4aed
  depends:
  - libgcc-ng >=10.3.0
  - libstdcxx-ng >=10.3.0
  license: MIT
  license_family: MIT
  size: 14191488
  timestamp: 1648050221778
- conda: https://conda.anaconda.org/conda-forge/linux-aarch64/icu-70.1-ha18d298_0.tar.bz2
  sha256: f867c6e57439b40a394fd7aef6d6ae35fd14cccf6f57e78539c6da9108f27c44
  md5: 014656d28b7b6f8a566437c69552f9ae
  depends:
  - libgcc-ng >=10.3.0
  - libstdcxx-ng >=10.3.0
  license: MIT
  license_family: MIT
  size: 14273185
  timestamp: 1648053373543
- conda: https://conda.anaconda.org/conda-forge/noarch/jieba-0.39-pyh9f0ad1d_1.tar.bz2
  sha256: 7b021c8cb01f0339284f4a6927296bd7c4071066b0290891911d78fc2df9dc58
  md5: 74c298e2b72aa2076f1bc62119477da9
  depends:
  - python
  license: MIT
  license_family: MIT
  size: 5921701
  timestamp: 1585169780373
- conda: https://conda.anaconda.org/conda-forge/noarch/kernel-headers_linux-aarch64-4.18.0-h5b4a56d_16.conda
  sha256: ef73423948ee8af98ef28a071cb8ddc46ba2c44a3b9a852fdba79587033641c0
  md5: 84492cbda4b5828cddf03329e96e5b2f
  depends:
  - _sysroot_linux-aarch64_curr_repodata_hack 4.*
  constrains:
  - sysroot_linux-aarch64 ==2.17
  license: LGPL-2.0-or-later AND LGPL-2.0-or-later WITH exceptions AND GPL-2.0-or-later AND MPL-2.0
  license_family: GPL
  size: 1114753
  timestamp: 1720621462147
- conda: https://conda.anaconda.org/conda-forge/linux-64/keyutils-1.6.1-h166bdaf_0.tar.bz2
  sha256: 150c05a6e538610ca7c43beb3a40d65c90537497a4f6a5f4d15ec0451b6f5ebb
  md5: 30186d27e2c9fa62b45fb1476b7200e3
  depends:
  - libgcc-ng >=10.3.0
  arch: x86_64
  platform: linux
  license: LGPL-2.1-or-later
  size: 117831
  timestamp: 1646151697040
- conda: https://conda.anaconda.org/conda-forge/linux-aarch64/keyutils-1.6.1-h4e544f5_0.tar.bz2
  sha256: 6d4233d97a9b38acbb26e1268bcf8c10a8e79c2aed7e5a385ec3769967e3e65b
  md5: 1f24853e59c68892452ef94ddd8afd4b
  depends:
  - libgcc-ng >=10.3.0
  arch: aarch64
  platform: linux
  license: LGPL-2.1-or-later
  size: 112327
  timestamp: 1646166857935
- conda: https://conda.anaconda.org/conda-forge/linux-64/krb5-1.20.1-hf9c8cef_0.conda
  sha256: 3274ef26e40df1c23bd34adc075e40cc6c335540688c36ac261d64561da56278
  md5: 5f7e9efd540d7ac4b485660231ba6150
  depends:
  - keyutils >=1.6.1,<2.0a0
  - libedit >=3.1.20191231,<3.2.0a0
  - libedit >=3.1.20191231,<4.0a0
  - libgcc-ng >=12
  - libstdcxx-ng >=12
  - openssl >=1.1.1s,<1.1.2a
  arch: x86_64
  platform: linux
  license: MIT
  license_family: MIT
  size: 1326164
  timestamp: 1671091702497
- conda: https://conda.anaconda.org/conda-forge/linux-aarch64/krb5-1.20.1-h519e096_0.conda
  sha256: 265760a60b7ce316302722535e4d04a31f90e26e4a2ad9f1cc6be508b4beb9a8
  md5: d80c569371ae85bb84292946b9a16bdc
  depends:
  - keyutils >=1.6.1,<2.0a0
  - libedit >=3.1.20191231,<3.2.0a0
  - libedit >=3.1.20191231,<4.0a0
  - libgcc-ng >=12
  - libstdcxx-ng >=12
  - openssl >=1.1.1s,<1.1.2a
  arch: aarch64
  platform: linux
  license: MIT
  license_family: MIT
  size: 1444576
  timestamp: 1671091691360
- conda: https://conda.anaconda.org/conda-forge/linux-64/ld_impl_linux-64-2.40-hf3520f5_7.conda
  sha256: 764b6950aceaaad0c67ef925417594dd14cd2e22fff864aeef455ac259263d15
  md5: b80f2f396ca2c28b8c14c437a4ed1e74
  constrains:
  - binutils_impl_linux-64 2.40
  license: GPL-3.0-only
  license_family: GPL
  size: 707602
  timestamp: 1718625640445
- conda: https://conda.anaconda.org/conda-forge/linux-aarch64/ld_impl_linux-aarch64-2.40-h9fc2d93_7.conda
  sha256: 4a6c0bd77e125da8472bd73bba7cd4169a3ce4699b00a3893026ae8664b2387d
  md5: 1b0feef706f4d03eff0b76626ead64fc
  constrains:
  - binutils_impl_linux-aarch64 2.40
  license: GPL-3.0-only
  license_family: GPL
  size: 735885
  timestamp: 1718625653417
- conda: https://conda.anaconda.org/conda-forge/linux-64/libasprintf-0.22.5-he8f35ee_3.conda
  sha256: 2da5c735811cbf38c7f7844ab457ff8b25046bbf5fe5ebd5dc1c2fafdf4fbe1c
  md5: 4fab9799da9571266d05ca5503330655
  depends:
  - __glibc >=2.17,<3.0.a0
  - libgcc-ng >=12
  - libstdcxx-ng >=12
  arch: x86_64
  platform: linux
  license: LGPL-2.1-or-later
  size: 42817
  timestamp: 1723626012203
- conda: https://conda.anaconda.org/conda-forge/linux-aarch64/libasprintf-0.22.5-h87f4aca_3.conda
  sha256: b438814a7190a541950da68d3cde8ecbcc55629ce677eb65afbb01cfa1e4e651
  md5: 332ce64c2dec75dc0849e7ffcdf7a3a4
  depends:
  - libgcc-ng >=12
  - libstdcxx-ng >=12
  arch: aarch64
  platform: linux
  license: LGPL-2.1-or-later
  size: 42627
  timestamp: 1723626204541
- conda: https://conda.anaconda.org/conda-forge/linux-64/libasprintf-devel-0.22.5-he8f35ee_3.conda
  sha256: ccc7967e298ddf3124c8ad9741c7180dc6f778ae4135ec87978214f7b3c64dc2
  md5: 1091193789bb830127ed067a9e01ac57
  depends:
  - __glibc >=2.17,<3.0.a0
  - libasprintf 0.22.5 he8f35ee_3
  - libgcc-ng >=12
  arch: x86_64
  platform: linux
  license: LGPL-2.1-or-later
  size: 34172
  timestamp: 1723626026096
- conda: https://conda.anaconda.org/conda-forge/linux-aarch64/libasprintf-devel-0.22.5-h87f4aca_3.conda
  sha256: c9eda86140a5a023b72a8997f82629f4b071df17d57d00ba75a66b65a0525a5e
  md5: dbaa9d8c0030bda3e3d22d325ea48191
  depends:
  - libasprintf 0.22.5 h87f4aca_3
  - libgcc-ng >=12
  arch: aarch64
  platform: linux
  license: LGPL-2.1-or-later
  size: 34359
  timestamp: 1723626223953
- conda: https://conda.anaconda.org/conda-forge/linux-64/libcurl-7.87.0-h6312ad2_0.conda
  sha256: 4e95c12244a50c8f8e9173e0bd37d6067fd753437ab636afb44ce28382a325eb
  md5: ad07f06bd133e76e12165bc3ec2c8646
  depends:
  - krb5 >=1.20.1,<1.21.0a0
  - libgcc-ng >=12
  - libnghttp2 >=1.47.0,<2.0a0
  - libssh2 >=1.10.0,<2.0a0
  - libzlib >=1.2.13,<2.0.0a0
  - openssl >=1.1.1s,<1.1.2a
  arch: x86_64
  platform: linux
  license: curl
  license_family: MIT
  size: 347431
  timestamp: 1671621575854
- conda: https://conda.anaconda.org/conda-forge/linux-aarch64/libcurl-7.87.0-h4f97d7c_0.conda
  sha256: fb4a1d3b5003adf8009429a06c51f7631ed2fc4c9614b7b4674a0309d9a99f2c
  md5: a649d2fbac1cbedae308a2d1286a97c4
  depends:
  - krb5 >=1.20.1,<1.21.0a0
  - libgcc-ng >=12
  - libnghttp2 >=1.47.0,<2.0a0
  - libssh2 >=1.10.0,<2.0a0
  - libzlib >=1.2.13,<2.0.0a0
  - openssl >=1.1.1s,<1.1.2a
  arch: aarch64
  platform: linux
  license: curl
  license_family: MIT
  size: 359136
  timestamp: 1671621615200
- conda: https://conda.anaconda.org/conda-forge/linux-64/libedit-3.1.20191231-he28a2e2_2.tar.bz2
  sha256: a57d37c236d8f7c886e01656f4949d9dcca131d2a0728609c6f7fa338b65f1cf
  md5: 4d331e44109e3f0e19b4cb8f9b82f3e1
  depends:
  - libgcc-ng >=7.5.0
  - ncurses >=6.2,<7.0.0a0
  arch: x86_64
  platform: linux
  license: BSD-2-Clause
  license_family: BSD
  size: 123878
  timestamp: 1597616541093
- conda: https://conda.anaconda.org/conda-forge/linux-aarch64/libedit-3.1.20191231-he28a2e2_2.tar.bz2
  sha256: debc31fb2f07ba2b0363f90e455873670734082822926ba4a9556431ec0bf36d
  md5: 29371161d77933a54fccf1bb66b96529
  depends:
  - libgcc-ng >=7.5.0
  - ncurses >=6.2,<7.0.0a0
  arch: aarch64
  platform: linux
  license: BSD-2-Clause
  license_family: BSD
  size: 134104
  timestamp: 1597617110769
- conda: https://conda.anaconda.org/conda-forge/linux-64/libev-4.33-hd590300_2.conda
  sha256: 1cd6048169fa0395af74ed5d8f1716e22c19a81a8a36f934c110ca3ad4dd27b4
  md5: 172bf1cd1ff8629f2b1179945ed45055
  depends:
  - libgcc-ng >=12
  arch: x86_64
  platform: linux
  license: BSD-2-Clause
  license_family: BSD
  size: 112766
  timestamp: 1702146165126
- conda: https://conda.anaconda.org/conda-forge/linux-aarch64/libev-4.33-h31becfc_2.conda
  sha256: 973af77e297f1955dd1f69c2cbdc5ab9dfc88388a5576cd152cda178af0fd006
  md5: a9a13cb143bbaa477b1ebaefbe47a302
  depends:
  - libgcc-ng >=12
  arch: aarch64
  platform: linux
  license: BSD-2-Clause
  license_family: BSD
  size: 115123
  timestamp: 1702146237623
- conda: https://conda.anaconda.org/conda-forge/linux-64/libexpat-2.6.2-h59595ed_0.conda
  sha256: 331bb7c7c05025343ebd79f86ae612b9e1e74d2687b8f3179faec234f986ce19
  md5: e7ba12deb7020dd080c6c70e7b6f6a3d
  depends:
  - libgcc-ng >=12
  constrains:
  - expat 2.6.2.*
  arch: x86_64
  platform: linux
  license: MIT
  license_family: MIT
  size: 73730
  timestamp: 1710362120304
- conda: https://conda.anaconda.org/conda-forge/linux-aarch64/libexpat-2.6.2-h2f0025b_0.conda
  sha256: 07453df3232a649f39fb4d1e68cfe1c78c3457764f85225f6f3ccd1bdd9818a4
  md5: 1b9f46b804a2c3c5d7fd6a80b77c35f9
  depends:
  - libgcc-ng >=12
  constrains:
  - expat 2.6.2.*
  arch: aarch64
  platform: linux
  license: MIT
  license_family: MIT
  size: 72544
  timestamp: 1710362309065
- conda: https://conda.anaconda.org/conda-forge/linux-64/libffi-3.2.1-he1b5a44_1007.tar.bz2
  sha256: 992246df63724484e9ee8652ce3ca0237f707961beab8b813096bbc647cf84f4
  md5: 11389072d7d6036fd811c3d9460475cd
  depends:
  - libgcc-ng >=7.3.0
  - libstdcxx-ng >=7.3.0
  license: Custom
  size: 48003
  timestamp: 1584559351227
- conda: https://conda.anaconda.org/conda-forge/linux-aarch64/libffi-3.2.1-h4c5d2ac_1007.tar.bz2
  sha256: 03d9aeed95d9e125688165e55024f06341a9bd0423834ae7c0ba73bf84593a5c
  md5: 0b4714d705fcbe3d3a1c39e02c750173
  depends:
  - libgcc-ng >=7.3.0
  - libstdcxx-ng >=7.3.0
  license: Custom
  size: 55869
  timestamp: 1584559656092
- conda: https://conda.anaconda.org/conda-forge/noarch/libgcc-devel_linux-aarch64-14.1.0-h8373c25_100.conda
  sha256: e0ef0b6e5210eb75c65c18c1fa0fb5f3314c103c60fe983cc8bc71f85edbafb3
  md5: a4c796f1b17d97d32763c38be1257744
  depends:
  - __unix
  license: GPL-3.0-only WITH GCC-exception-3.1
  license_family: GPL
  size: 2149931
  timestamp: 1719547415345
- conda: https://conda.anaconda.org/conda-forge/linux-64/libgcc-ng-14.1.0-h77fa898_0.conda
  sha256: b8e869ac96591cda2704bf7e77a301025e405227791a0bddf14a3dac65125538
  md5: ca0fad6a41ddaef54a153b78eccb5037
  depends:
  - _libgcc_mutex 0.1 conda_forge
  - _openmp_mutex >=4.5
  constrains:
  - libgomp 14.1.0 h77fa898_0
  license: GPL-3.0-only WITH GCC-exception-3.1
  license_family: GPL
  size: 842109
  timestamp: 1719538896937
- conda: https://conda.anaconda.org/conda-forge/linux-aarch64/libgcc-ng-14.1.0-he277a41_0.conda
  sha256: b9ca03216bc089c0c46f008bc6f447bc0df8dc826d9801fb4283e49fa89c877e
  md5: 47ecd1292a3fd78b616640b35dd9632c
  depends:
  - _openmp_mutex >=4.5
  constrains:
  - libgomp 14.1.0 he277a41_0
  license: GPL-3.0-only WITH GCC-exception-3.1
  license_family: GPL
  size: 532273
  timestamp: 1719547536460
- conda: https://conda.anaconda.org/conda-forge/linux-64/libgettextpo-0.22.5-he02047a_3.conda
  sha256: 7f2d1f4d69973e2c3c3d2b6420d5eb989982baba97d63ab2d7a2b25a92d886b4
  md5: efab66b82ec976930b96d62a976de8e7
  depends:
  - __glibc >=2.17,<3.0.a0
  - libgcc-ng >=12
  arch: x86_64
  platform: linux
  license: GPL-3.0-or-later
  license_family: GPL
  size: 170646
  timestamp: 1723626019265
- conda: https://conda.anaconda.org/conda-forge/linux-aarch64/libgettextpo-0.22.5-h0a1ffab_3.conda
  sha256: f816747b63432def4bfe2bfa517057149b2b94a48101fe13e7fcc2c223ec2042
  md5: 263a0b8af4b3fcdb35acc4038bb5bff5
  depends:
  - libgcc-ng >=12
  arch: aarch64
  platform: linux
  license: GPL-3.0-or-later
  license_family: GPL
  size: 199824
  timestamp: 1723626215655
- conda: https://conda.anaconda.org/conda-forge/linux-64/libgettextpo-devel-0.22.5-he02047a_3.conda
  sha256: 0a66cdd46d1cd5201061252535cd91905b3222328a9294c1a5bcd32e85531545
  md5: 9aba7960731e6b4547b3a52f812ed801
  depends:
  - __glibc >=2.17,<3.0.a0
  - libgcc-ng >=12
  - libgettextpo 0.22.5 he02047a_3
  arch: x86_64
  platform: linux
  license: GPL-3.0-or-later
  license_family: GPL
  size: 36790
  timestamp: 1723626032786
- conda: https://conda.anaconda.org/conda-forge/linux-aarch64/libgettextpo-devel-0.22.5-h0a1ffab_3.conda
  sha256: 677df7af241b36c6b06dff52528c2a8e4f42f8cf40d962e693caa707b563c86c
  md5: 5c1498c4da030824d57072f05220aad8
  depends:
  - libgcc-ng >=12
  - libgettextpo 0.22.5 h0a1ffab_3
  arch: aarch64
  platform: linux
  license: GPL-3.0-or-later
  license_family: GPL
  size: 36989
  timestamp: 1723626232155
- conda: https://conda.anaconda.org/conda-forge/linux-64/libgomp-14.1.0-h77fa898_0.conda
  sha256: 7699df61a1f6c644b3576a40f54791561f2845983120477a16116b951c9cdb05
  md5: ae061a5ed5f05818acdf9adab72c146d
  depends:
  - _libgcc_mutex 0.1 conda_forge
  license: GPL-3.0-only WITH GCC-exception-3.1
  license_family: GPL
  size: 456925
  timestamp: 1719538796073
- conda: https://conda.anaconda.org/conda-forge/linux-aarch64/libgomp-14.1.0-he277a41_0.conda
  sha256: 11f326e49e0fb92c2a52e870c029fc26b4b6d3eb9414fa4374cb8496b231a730
  md5: 434ccc943b843117e4cebc97265f2504
  license: GPL-3.0-only WITH GCC-exception-3.1
  license_family: GPL
  size: 459535
  timestamp: 1719547432949
- conda: https://conda.anaconda.org/conda-forge/linux-64/libiconv-1.17-hd590300_2.conda
  sha256: 8ac2f6a9f186e76539439e50505d98581472fedb347a20e7d1f36429849f05c9
  md5: d66573916ffcf376178462f1b61c941e
  depends:
  - libgcc-ng >=12
  arch: x86_64
  platform: linux
  license: LGPL-2.1-only
  size: 705775
  timestamp: 1702682170569
- conda: https://conda.anaconda.org/conda-forge/linux-aarch64/libiconv-1.17-h31becfc_2.conda
  sha256: a30e09d089cb75a0d5b8e5c354694c1317da98261185ed65aa3793e741060614
  md5: 9a8eb13f14de7d761555a98712e6df65
  depends:
  - libgcc-ng >=12
  arch: aarch64
  platform: linux
  license: LGPL-2.1-only
  size: 705787
  timestamp: 1702684557134
- conda: https://conda.anaconda.org/conda-forge/linux-64/libnghttp2-1.51.0-hdcd2b5c_0.conda
  sha256: 3f76e99eacfc4ce3deac3b78d5508449efb8b72dea3e31d9f2c6db7f5cf00e75
  md5: c42b460bae0365fb9777b1ff9d09a554
  depends:
  - c-ares >=1.18.1,<2.0a0
  - libev >=4.33,<4.34.0a0
  - libgcc-ng >=12
  - libstdcxx-ng >=12
  - libzlib >=1.2.13,<2.0.0a0
  - openssl >=1.1.1s,<1.1.2a
  arch: x86_64
  platform: linux
  license: MIT
  license_family: MIT
  size: 622739
  timestamp: 1672695694560
- conda: https://conda.anaconda.org/conda-forge/linux-aarch64/libnghttp2-1.51.0-h4173d3e_0.conda
  sha256: c66ffacb986c02375d1cd55af8096b422ff36e8af58d9d0510ce11c90937ec49
  md5: 4db288aaf4bbc0c5e509c417b17e1f75
  depends:
  - c-ares >=1.18.1,<2.0a0
  - libev >=4.33,<4.34.0a0
  - libgcc-ng >=12
  - libstdcxx-ng >=12
  - libzlib >=1.2.13,<2.0.0a0
  - openssl >=1.1.1s,<1.1.2a
  arch: aarch64
  platform: linux
  license: MIT
  license_family: MIT
  size: 673086
  timestamp: 1672695843806
- conda: https://conda.anaconda.org/conda-forge/linux-aarch64/libsanitizer-14.1.0-h1bb4367_0.conda
  sha256: f0ef49860561a788816fe6e8bde350252e58169bb78109da622dc85e8aaa6618
  md5: 6eac2667b545beb34e3409340e7d2368
  depends:
  - libgcc-ng >=14.1.0
  - libstdcxx-ng >=14.1.0
  license: GPL-3.0-only WITH GCC-exception-3.1
  license_family: GPL
  size: 4443600
  timestamp: 1719547586501
- conda: https://conda.anaconda.org/conda-forge/linux-64/libsqlite-3.46.0-hde9e2c9_0.conda
  sha256: daee3f68786231dad457d0dfde3f7f1f9a7f2018adabdbb864226775101341a8
  md5: 18aa975d2094c34aef978060ae7da7d8
  depends:
  - libgcc-ng >=12
  - libzlib >=1.2.13,<2.0a0
  license: Unlicense
  size: 865346
  timestamp: 1718050628718
- conda: https://conda.anaconda.org/conda-forge/linux-aarch64/libsqlite-3.46.0-hf51ef55_0.conda
  sha256: 7b48d006be6cd089105687fb524a2c93c4218bfc398d0611340cafec55249977
  md5: a8ae63fd6fb7d007f74ef3df95e5edf3
  depends:
  - libgcc-ng >=12
  - libzlib >=1.2.13,<2.0a0
  license: Unlicense
  size: 1043861
  timestamp: 1718050586624
- conda: https://conda.anaconda.org/conda-forge/linux-64/libssh2-1.10.0-haa6b8db_3.tar.bz2
  sha256: 3c2ed83502bedf4ec8c5b972accb6ff1b6c018f72fb711cdb65cb8540d5ab89e
  md5: 89acee135f0809a18a1f4537390aa2dd
  depends:
  - libgcc-ng >=12
  - libzlib >=1.2.12,<2.0.0a0
  - openssl >=1.1.1q,<1.1.2a
  arch: x86_64
  platform: linux
  license: BSD-3-Clause
  license_family: BSD
  size: 239461
  timestamp: 1660346486026
- conda: https://conda.anaconda.org/conda-forge/linux-aarch64/libssh2-1.10.0-h4bb3959_3.tar.bz2
  sha256: 9cb253b28750e228fab4fa664e34d568bc72cce9db402fb2a30959b36db8eba1
  md5: f4ce5f6249ce20ccc2d33998f2bd558c
  depends:
  - libgcc-ng >=12
  - libzlib >=1.2.12,<2.0.0a0
  - openssl >=1.1.1q,<1.1.2a
  arch: aarch64
  platform: linux
  license: BSD-3-Clause
  license_family: BSD
  size: 248275
  timestamp: 1660346622504
- conda: https://conda.anaconda.org/conda-forge/noarch/libstdcxx-devel_linux-aarch64-14.1.0-h8373c25_100.conda
  sha256: 3ea54905e182f5b89d1aab76cb0f421163a47c48844451f15a1111daa41760e3
  md5: 8ef0c9d9f36ae6c3294d9a15283e45c4
  depends:
  - __unix
  license: GPL-3.0-only WITH GCC-exception-3.1
  license_family: GPL
  size: 12626178
  timestamp: 1719547459076
- conda: https://conda.anaconda.org/conda-forge/linux-64/libstdcxx-ng-14.1.0-hc0a3c3a_0.conda
  sha256: 88c42b388202ffe16adaa337e36cf5022c63cf09b0405cf06fc6aeacccbe6146
  md5: 1cb187a157136398ddbaae90713e2498
  depends:
  - libgcc-ng 14.1.0 h77fa898_0
  license: GPL-3.0-only WITH GCC-exception-3.1
  license_family: GPL
  size: 3881307
  timestamp: 1719538923443
- conda: https://conda.anaconda.org/conda-forge/linux-aarch64/libstdcxx-ng-14.1.0-h3f4de04_0.conda
  sha256: 4f2f35b78258d1a1e56b1b0e61091862c10ec76bf67ca1b0ff99dd5e07e76271
  md5: 2f84852b723ac4389eb188db695526bb
  depends:
  - libgcc-ng 14.1.0 he277a41_0
  license: GPL-3.0-only WITH GCC-exception-3.1
  license_family: GPL
  size: 3805250
  timestamp: 1719547563542
- conda: https://conda.anaconda.org/conda-forge/linux-64/libuv-1.44.2-hd590300_1.conda
  sha256: 4910371113afddc55b9a70f468e0c921600ff76e2e5da4084e6039f685ab8151
  md5: d5447f6f8c208232db63db85e053574d
  depends:
  - libgcc-ng >=12
  license: MIT
  license_family: MIT
  size: 823882
  timestamp: 1690371294300
- conda: https://conda.anaconda.org/conda-forge/linux-aarch64/libuv-1.44.2-h31becfc_1.conda
  sha256: 6ebc65818b299fb4e2101de46e6040d628d608191efeeb3c8301bd2a2d4e5d4a
  md5: f6068b95c0a3b4fd949a91341e9a0669
  depends:
  - libgcc-ng >=12
  license: MIT
  license_family: MIT
  size: 553544
  timestamp: 1690371216408
- conda: https://conda.anaconda.org/conda-forge/linux-64/libxcrypt-4.4.36-hd590300_1.conda
  sha256: 6ae68e0b86423ef188196fff6207ed0c8195dd84273cb5623b85aa08033a410c
  md5: 5aa797f8787fe7a17d1b0821485b5adc
  depends:
  - libgcc-ng >=12
  arch: x86_64
  platform: linux
  license: LGPL-2.1-or-later
  size: 100393
  timestamp: 1702724383534
- conda: https://conda.anaconda.org/conda-forge/linux-aarch64/libxcrypt-4.4.36-h31becfc_1.conda
  sha256: 6b46c397644091b8a26a3048636d10b989b1bf266d4be5e9474bf763f828f41f
  md5: b4df5d7d4b63579d081fd3a4cf99740e
  depends:
  - libgcc-ng >=12
  arch: aarch64
  platform: linux
  license: LGPL-2.1-or-later
  size: 114269
  timestamp: 1702724369203
- conda: https://conda.anaconda.org/conda-forge/linux-64/libzlib-1.2.13-h4ab18f5_6.conda
  sha256: 8ced4afed6322172182af503f21725d072a589a6eb918f8a58135c1e00d35980
  md5: 27329162c0dc732bcf67a4e0cd488125
  depends:
  - libgcc-ng >=12
  constrains:
  - zlib 1.2.13 *_6
  license: Zlib
  license_family: Other
  size: 61571
  timestamp: 1716874066944
- conda: https://conda.anaconda.org/conda-forge/linux-aarch64/libzlib-1.2.13-h68df207_6.conda
  sha256: 4dafc31c913daae67d20a95fc2cac5a6d8bf1d5810d663e23b3335f9ae6f411d
  md5: d69c6550eaf76e8e385f75e5ed60aed9
  depends:
  - libgcc-ng >=12
  constrains:
  - zlib 1.2.13 *_6
  license: Zlib
  license_family: Other
  size: 67224
  timestamp: 1716874073116
- conda: https://conda.anaconda.org/conda-forge/linux-aarch64/make-4.3-h309ac5b_1.tar.bz2
  sha256: 771e7a32a555693a0d53d3f682ed9dc1139abe99937cba55b16400ae8b8a92d4
  md5: 0f876fc705b573cf9972bcbeb93864d9
  depends:
  - libgcc-ng >=7.5.0
  license: GPL-3.0-or-later
  license_family: GPL
  size: 497104
  timestamp: 1602706670853
- conda: https://conda.anaconda.org/conda-forge/linux-64/ncurses-6.5-h59595ed_0.conda
  sha256: 4fc3b384f4072b68853a0013ea83bdfd3d66b0126e2238e1d6e1560747aa7586
  md5: fcea371545eda051b6deafb24889fc69
  depends:
  - libgcc-ng >=12
  license: X11 AND BSD-3-Clause
  size: 887465
  timestamp: 1715194722503
- conda: https://conda.anaconda.org/conda-forge/linux-aarch64/ncurses-6.5-h0425590_0.conda
  sha256: f8002feaa9e0eb929cd123f1275d8c0b3c6ffb7fd9269b192927009df19dc89e
  md5: 38362af7bfac0efef69675acee564458
  depends:
  - libgcc-ng >=12
  license: X11 AND BSD-3-Clause
  size: 925099
  timestamp: 1715194843316
- conda: https://conda.anaconda.org/conda-forge/linux-64/nodejs-18.12.1-h96d913c_0.tar.bz2
  sha256: fe3db2cfa8422f139dc0503a360054f2bd069bf11f35cb593da832d45f3867cb
  md5: beedcccf403764141f6a54721fd4de29
  depends:
  - __glibc >=2.17,<3.0.a0
  - icu >=70.1,<71.0a0
  - libgcc-ng >=12
  - libstdcxx-ng >=12
  - libuv >=1.44.2,<1.45.0a0
  - libzlib >=1.2.13,<2.0.0a0
  - openssl >=1.1.1s,<1.1.2a
  - zlib
  license: MIT
  license_family: MIT
  size: 17065235
  timestamp: 1668022829699
- conda: https://conda.anaconda.org/conda-forge/linux-aarch64/nodejs-18.12.1-he850d6a_0.tar.bz2
  sha256: 04472e3d0d4c9d588d3e69048b5d925d7e843967b6ef522df706bf6cb2dab247
  md5: b6be9b915bc03efbd64103c63d35149a
  depends:
  - icu >=70.1,<71.0a0
  - libgcc-ng >=12
  - libstdcxx-ng >=12
  - libuv >=1.44.2,<1.45.0a0
  - libzlib >=1.2.13,<2.0.0a0
  - openssl >=1.1.1s,<1.1.2a
  - zlib
  license: MIT
  license_family: MIT
  size: 17633678
  timestamp: 1668027316166
- conda: https://conda.anaconda.org/conda-forge/linux-64/openssl-1.1.1w-hd590300_0.conda
  sha256: 4fe19885c77f0758084feb54954bd1977dfeeab7134fba0a1d9c0cfff821d6bd
  md5: 301e70057a3bd399640bb16bbdf87995
  depends:
  - ca-certificates
  - libgcc-ng >=12
  license: OpenSSL
  license_family: Apache
  size: 1956010
  timestamp: 1694461292959
- conda: https://conda.anaconda.org/conda-forge/linux-aarch64/openssl-1.1.1w-h31becfc_0.conda
  sha256: 48c86f591261ae589c2a2feda8ee85a98302e6dd50c0d697a065cfa5a53f896b
  md5: b52ba9c089558dcf128322b0567f9946
  depends:
  - ca-certificates
  - libgcc-ng >=12
  license: OpenSSL
  license_family: Apache
  size: 1928574
  timestamp: 1694461299960
- conda: https://conda.anaconda.org/conda-forge/linux-64/pcre2-10.40-hc3806b6_0.tar.bz2
  sha256: 7a29ec847556eed4faa1646010baae371ced69059a4ade43851367a076d6108a
  md5: 69e2c796349cd9b273890bee0febfe1b
  depends:
  - bzip2 >=1.0.8,<2.0a0
  - libgcc-ng >=12
  - libzlib >=1.2.12,<2.0.0a0
  arch: x86_64
  platform: linux
  license: BSD-3-Clause
  license_family: BSD
  size: 2412495
  timestamp: 1665562915343
- conda: https://conda.anaconda.org/conda-forge/linux-aarch64/pcre2-10.40-he7b27c6_0.tar.bz2
  sha256: 1c9967f4a1641801b9f976c264e6d3ad92ceb856d244d89e7b5ff3cd893e8751
  md5: 2bb3167087f621daefab01b6a2ddc7f9
  depends:
  - bzip2 >=1.0.8,<2.0a0
  - libgcc-ng >=12
  - libzlib >=1.2.12,<2.0.0a0
  arch: aarch64
  platform: linux
  license: BSD-3-Clause
  license_family: BSD
  size: 2379344
  timestamp: 1665562938782
- conda: https://conda.anaconda.org/conda-forge/linux-64/perl-5.32.1-7_hd590300_perl5.conda
  build_number: 7
  sha256: 9ec32b6936b0e37bcb0ed34f22ec3116e75b3c0964f9f50ecea5f58734ed6ce9
  md5: f2cfec9406850991f4e3d960cc9e3321
  depends:
  - libgcc-ng >=12
  - libxcrypt >=4.4.36
  arch: x86_64
  platform: linux
  license: GPL-1.0-or-later OR Artistic-1.0-Perl
  size: 13344463
  timestamp: 1703310653947
- conda: https://conda.anaconda.org/conda-forge/linux-aarch64/perl-5.32.1-7_h31becfc_perl5.conda
  build_number: 7
  sha256: d78296134263b5bf476cad838ded65451e7162db756f9997c5d06b08122572ed
  md5: 17d019cb2a6c72073c344e98e40dfd61
  depends:
  - libgcc-ng >=12
  - libxcrypt >=4.4.36
  arch: aarch64
  platform: linux
  license: GPL-1.0-or-later OR Artistic-1.0-Perl
  size: 13338804
  timestamp: 1703310557094
- conda: https://conda.anaconda.org/conda-forge/linux-64/python-2.7.15-h5a48372_1011_cpython.tar.bz2
  build_number: 1011
  sha256: 1aab076b979046983a74d10b890dc4534eaedcc08a6e2f4e7fb16cc4a05e02e0
  md5: d1824ac0987155f58a03b7ffda01db38
  depends:
  - ld_impl_linux-64
  - libffi >=3.2.1,<3.3.0a0
  - libgcc-ng >=7.3.0
  - libstdcxx-ng >=7.3.0
  - openssl >=1.1.1a,<1.1.2a
  - readline >=8.0,<9.0a0
  - sqlite >=3.30.1,<4.0a0
  - tk >=8.6.10,<8.7.0a0
  - zlib >=1.2.11,<1.3.0a0
  constrains:
  - python_abi 2.7.* *_cp27mu
  - python_abi * *_cp27mu
  license: PSF
  size: 12786925
  timestamp: 1583420245648
- conda: https://conda.anaconda.org/conda-forge/linux-aarch64/python-2.7.15-h5a48372_1011_cpython.tar.bz2
  build_number: 1011
  sha256: 6a5308eb6e93cc04106037a2e52b9699add94c77c85cb2f70ec1c1c3c118a250
  md5: 412b2eecf2473355aa24bac1b5d65f40
  depends:
  - ld_impl_linux-aarch64
  - libffi >=3.2.1,<3.3.0a0
  - libgcc-ng >=7.3.0
  - libstdcxx-ng >=7.3.0
  - openssl >=1.1.1a,<1.1.2a
  - readline >=8.0,<9.0a0
  - sqlite >=3.30.1,<4.0a0
  - tk >=8.6.10,<8.7.0a0
  - zlib >=1.2.11,<1.3.0a0
  constrains:
  - python_abi 2.7.* *_cp27mu
  - python_abi * *_cp27mu
  license: PSF
  size: 12407682
  timestamp: 1583420189184
- conda: https://conda.anaconda.org/conda-forge/linux-64/readline-8.2-h8228510_1.conda
  sha256: 5435cf39d039387fbdc977b0a762357ea909a7694d9528ab40f005e9208744d7
  md5: 47d31b792659ce70f470b5c82fdfb7a4
  depends:
  - libgcc-ng >=12
  - ncurses >=6.3,<7.0a0
  license: GPL-3.0-only
  license_family: GPL
  size: 281456
  timestamp: 1679532220005
- conda: https://conda.anaconda.org/conda-forge/linux-aarch64/readline-8.2-h8fc344f_1.conda
  sha256: 4c99f7417419734e3797d45bc355e61c26520e111893b0d7087a01a7fbfbe3dd
  md5: 105eb1e16bf83bfb2eb380a48032b655
  depends:
  - libgcc-ng >=12
  - ncurses >=6.3,<7.0a0
  license: GPL-3.0-only
  license_family: GPL
  size: 294092
  timestamp: 1679532238805
- conda: https://conda.anaconda.org/conda-forge/linux-64/sqlite-3.46.0-h6d4b2fc_0.conda
  sha256: e849d576e52bf3e6fc5786f89b7d76978f2e2438587826c95570324cb572e52b
  md5: 77ea8dff5cf8550cc8f5629a6af56323
  depends:
  - libgcc-ng >=12
  - libsqlite 3.46.0 hde9e2c9_0
  - libzlib >=1.2.13,<2.0a0
  - ncurses >=6.5,<7.0a0
  - readline >=8.2,<9.0a0
  license: Unlicense
  size: 860352
  timestamp: 1718050658212
- conda: https://conda.anaconda.org/conda-forge/linux-aarch64/sqlite-3.46.0-hdc7ab3c_0.conda
  sha256: d6425bffe24f02a0a2e4e4f228aeca16bde76074b9bce311a976c948f802aebe
  md5: e0e3a71d3b7092af7cb9e0696f6d0869
  depends:
  - libgcc-ng >=12
  - libsqlite 3.46.0 hf51ef55_0
  - libzlib >=1.2.13,<2.0a0
  - ncurses >=6.5,<7.0a0
  - readline >=8.2,<9.0a0
  license: Unlicense
  size: 1057383
  timestamp: 1718050601668
- conda: https://conda.anaconda.org/conda-forge/noarch/sysroot_linux-aarch64-2.17-h5b4a56d_16.conda
  sha256: 0ef01e563e4943d7dff7b3adb4ba62778829f4246dffab3043e6b244996e781e
  md5: 9b21a7aa2da30fd368c735c6d6185ec4
  depends:
  - _sysroot_linux-aarch64_curr_repodata_hack 4.*
  - kernel-headers_linux-aarch64 4.18.0 h5b4a56d_16
  - tzdata
  license: LGPL-2.0-or-later AND LGPL-2.0-or-later WITH exceptions AND GPL-2.0-or-later AND MPL-2.0
  license_family: GPL
  size: 15612617
  timestamp: 1720621472671
- conda: https://conda.anaconda.org/conda-forge/linux-64/tk-8.6.13-noxft_h4845f30_101.conda
  sha256: e0569c9caa68bf476bead1bed3d79650bb080b532c64a4af7d8ca286c08dea4e
  md5: d453b98d9c83e71da0741bb0ff4d76bc
  depends:
  - libgcc-ng >=12
  - libzlib >=1.2.13,<2.0.0a0
  license: TCL
  license_family: BSD
  size: 3318875
  timestamp: 1699202167581
- conda: https://conda.anaconda.org/conda-forge/linux-aarch64/tk-8.6.13-h194ca79_0.conda
  sha256: 7fa27cc512d3a783f38bd16bbbffc008807372499d5b65d089a8e43bde9db267
  md5: f75105e0585851f818e0009dd1dde4dc
  depends:
  - libgcc-ng >=12
  - libzlib >=1.2.13,<2.0.0a0
  license: TCL
  license_family: BSD
  size: 3351802
  timestamp: 1695506242997
- conda: https://conda.anaconda.org/conda-forge/noarch/tzdata-2024a-h0c530f3_0.conda
  sha256: 7b2b69c54ec62a243eb6fba2391b5e443421608c3ae5dbff938ad33ca8db5122
  md5: 161081fc7cec0bfda0d86d7cb595f8d8
  license: LicenseRef-Public-Domain
  size: 119815
  timestamp: 1706886945727
- conda: https://conda.anaconda.org/conda-forge/linux-64/zlib-1.2.13-h4ab18f5_6.conda
  sha256: 534824ea44939f3e59ca8ebb95e3ece6f50f9d2a0e69999fbc692311252ed6ac
  md5: 559d338a4234c2ad6e676f460a093e67
  depends:
  - libgcc-ng >=12
  - libzlib 1.2.13 h4ab18f5_6
  license: Zlib
  license_family: Other
  size: 92883
  timestamp: 1716874088980
- conda: https://conda.anaconda.org/conda-forge/linux-aarch64/zlib-1.2.13-h68df207_6.conda
  sha256: 67d2e05bb76308ad2e6d8bd27d54e5f8d866d7900826a13f22b66ecacce02fed
  md5: 11012f81be8e7dae8495df7ec17c0cc5
  depends:
  - libgcc-ng >=12
  - libzlib 1.2.13 h68df207_6
  license: Zlib
  license_family: Other
  size: 95937
  timestamp: 1716874085408
